// !$*UTF8*$!
{
	archiveVersion = 1;
	classes = {
	};
	objectVersion = 50;
	objects = {

/* Begin PBXBuildFile section */
		490A3FB425ED99060012F6F9 /* AppDelegate.swift in Sources */ = {isa = PBXBuildFile; fileRef = 490A3FB325ED99060012F6F9 /* AppDelegate.swift */; };
		490A3FB625ED99060012F6F9 /* SceneDelegate.swift in Sources */ = {isa = PBXBuildFile; fileRef = 490A3FB525ED99060012F6F9 /* SceneDelegate.swift */; };
		490A3FBB25ED99060012F6F9 /* Main.storyboard in Resources */ = {isa = PBXBuildFile; fileRef = 490A3FB925ED99060012F6F9 /* Main.storyboard */; };
		490A3FBD25ED99080012F6F9 /* Assets.xcassets in Resources */ = {isa = PBXBuildFile; fileRef = 490A3FBC25ED99080012F6F9 /* Assets.xcassets */; };
		490A3FC025ED99080012F6F9 /* LaunchScreen.storyboard in Resources */ = {isa = PBXBuildFile; fileRef = 490A3FBE25ED99080012F6F9 /* LaunchScreen.storyboard */; };
		490A3FCB25ED99090012F6F9 /* ParstagramTests.swift in Sources */ = {isa = PBXBuildFile; fileRef = 490A3FCA25ED99090012F6F9 /* ParstagramTests.swift */; };
		490A3FD625ED99090012F6F9 /* ParstagramUITests.swift in Sources */ = {isa = PBXBuildFile; fileRef = 490A3FD525ED99090012F6F9 /* ParstagramUITests.swift */; };
		490A3FE425EDE3460012F6F9 /* LoginViewController.swift in Sources */ = {isa = PBXBuildFile; fileRef = 490A3FE325EDE3460012F6F9 /* LoginViewController.swift */; };
		490A3FE625EDE3520012F6F9 /* FeedViewController.swift in Sources */ = {isa = PBXBuildFile; fileRef = 490A3FE525EDE3520012F6F9 /* FeedViewController.swift */; };
/* End PBXBuildFile section */

/* Begin PBXContainerItemProxy section */
		490A3FC725ED99090012F6F9 /* PBXContainerItemProxy */ = {
			isa = PBXContainerItemProxy;
			containerPortal = 490A3FA825ED99060012F6F9 /* Project object */;
			proxyType = 1;
			remoteGlobalIDString = 490A3FAF25ED99060012F6F9;
			remoteInfo = Parstagram;
		};
		490A3FD225ED99090012F6F9 /* PBXContainerItemProxy */ = {
			isa = PBXContainerItemProxy;
			containerPortal = 490A3FA825ED99060012F6F9 /* Project object */;
			proxyType = 1;
			remoteGlobalIDString = 490A3FAF25ED99060012F6F9;
			remoteInfo = Parstagram;
		};
/* End PBXContainerItemProxy section */

/* Begin PBXFileReference section */
		490A3FB025ED99060012F6F9 /* Parstagram.app */ = {isa = PBXFileReference; explicitFileType = wrapper.application; includeInIndex = 0; path = Parstagram.app; sourceTree = BUILT_PRODUCTS_DIR; };
		490A3FB325ED99060012F6F9 /* AppDelegate.swift */ = {isa = PBXFileReference; lastKnownFileType = sourcecode.swift; path = AppDelegate.swift; sourceTree = "<group>"; };
		490A3FB525ED99060012F6F9 /* SceneDelegate.swift */ = {isa = PBXFileReference; lastKnownFileType = sourcecode.swift; path = SceneDelegate.swift; sourceTree = "<group>"; };
		490A3FBA25ED99060012F6F9 /* Base */ = {isa = PBXFileReference; lastKnownFileType = file.storyboard; name = Base; path = Base.lproj/Main.storyboard; sourceTree = "<group>"; };
		490A3FBC25ED99080012F6F9 /* Assets.xcassets */ = {isa = PBXFileReference; lastKnownFileType = folder.assetcatalog; path = Assets.xcassets; sourceTree = "<group>"; };
		490A3FBF25ED99080012F6F9 /* Base */ = {isa = PBXFileReference; lastKnownFileType = file.storyboard; name = Base; path = Base.lproj/LaunchScreen.storyboard; sourceTree = "<group>"; };
		490A3FC125ED99080012F6F9 /* Info.plist */ = {isa = PBXFileReference; lastKnownFileType = text.plist.xml; path = Info.plist; sourceTree = "<group>"; };
		490A3FC625ED99090012F6F9 /* ParstagramTests.xctest */ = {isa = PBXFileReference; explicitFileType = wrapper.cfbundle; includeInIndex = 0; path = ParstagramTests.xctest; sourceTree = BUILT_PRODUCTS_DIR; };
		490A3FCA25ED99090012F6F9 /* ParstagramTests.swift */ = {isa = PBXFileReference; lastKnownFileType = sourcecode.swift; path = ParstagramTests.swift; sourceTree = "<group>"; };
		490A3FCC25ED99090012F6F9 /* Info.plist */ = {isa = PBXFileReference; lastKnownFileType = text.plist.xml; path = Info.plist; sourceTree = "<group>"; };
		490A3FD125ED99090012F6F9 /* ParstagramUITests.xctest */ = {isa = PBXFileReference; explicitFileType = wrapper.cfbundle; includeInIndex = 0; path = ParstagramUITests.xctest; sourceTree = BUILT_PRODUCTS_DIR; };
		490A3FD525ED99090012F6F9 /* ParstagramUITests.swift */ = {isa = PBXFileReference; lastKnownFileType = sourcecode.swift; path = ParstagramUITests.swift; sourceTree = "<group>"; };
		490A3FD725ED99090012F6F9 /* Info.plist */ = {isa = PBXFileReference; lastKnownFileType = text.plist.xml; path = Info.plist; sourceTree = "<group>"; };
		490A3FE325EDE3460012F6F9 /* LoginViewController.swift */ = {isa = PBXFileReference; lastKnownFileType = sourcecode.swift; path = LoginViewController.swift; sourceTree = "<group>"; };
		490A3FE525EDE3520012F6F9 /* FeedViewController.swift */ = {isa = PBXFileReference; lastKnownFileType = sourcecode.swift; path = FeedViewController.swift; sourceTree = "<group>"; };
/* End PBXFileReference section */

/* Begin PBXFrameworksBuildPhase section */
		490A3FAD25ED99060012F6F9 /* Frameworks */ = {
			isa = PBXFrameworksBuildPhase;
			buildActionMask = 2147483647;
			files = (
			);
			runOnlyForDeploymentPostprocessing = 0;
		};
		490A3FC325ED99090012F6F9 /* Frameworks */ = {
			isa = PBXFrameworksBuildPhase;
			buildActionMask = 2147483647;
			files = (
			);
			runOnlyForDeploymentPostprocessing = 0;
		};
		490A3FCE25ED99090012F6F9 /* Frameworks */ = {
			isa = PBXFrameworksBuildPhase;
			buildActionMask = 2147483647;
			files = (
			);
			runOnlyForDeploymentPostprocessing = 0;
		};
/* End PBXFrameworksBuildPhase section */

/* Begin PBXGroup section */
		490A3FA725ED99060012F6F9 = {
			isa = PBXGroup;
			children = (
				490A3FB225ED99060012F6F9 /* Parstagram */,
				490A3FC925ED99090012F6F9 /* ParstagramTests */,
				490A3FD425ED99090012F6F9 /* ParstagramUITests */,
				490A3FB125ED99060012F6F9 /* Products */,
			);
			sourceTree = "<group>";
		};
		490A3FB125ED99060012F6F9 /* Products */ = {
			isa = PBXGroup;
			children = (
				490A3FB025ED99060012F6F9 /* Parstagram.app */,
				490A3FC625ED99090012F6F9 /* ParstagramTests.xctest */,
				490A3FD125ED99090012F6F9 /* ParstagramUITests.xctest */,
			);
			name = Products;
			sourceTree = "<group>";
		};
		490A3FB225ED99060012F6F9 /* Parstagram */ = {
			isa = PBXGroup;
			children = (
				490A3FE525EDE3520012F6F9 /* FeedViewController.swift */,
				490A3FE325EDE3460012F6F9 /* LoginViewController.swift */,
				490A3FB325ED99060012F6F9 /* AppDelegate.swift */,
				490A3FB525ED99060012F6F9 /* SceneDelegate.swift */,
				490A3FB925ED99060012F6F9 /* Main.storyboard */,
				490A3FBC25ED99080012F6F9 /* Assets.xcassets */,
				490A3FBE25ED99080012F6F9 /* LaunchScreen.storyboard */,
				490A3FC125ED99080012F6F9 /* Info.plist */,
			);
			path = Parstagram;
			sourceTree = "<group>";
		};
		490A3FC925ED99090012F6F9 /* ParstagramTests */ = {
			isa = PBXGroup;
			children = (
				490A3FCA25ED99090012F6F9 /* ParstagramTests.swift */,
				490A3FCC25ED99090012F6F9 /* Info.plist */,
			);
			path = ParstagramTests;
			sourceTree = "<group>";
		};
		490A3FD425ED99090012F6F9 /* ParstagramUITests */ = {
			isa = PBXGroup;
			children = (
				490A3FD525ED99090012F6F9 /* ParstagramUITests.swift */,
				490A3FD725ED99090012F6F9 /* Info.plist */,
			);
			path = ParstagramUITests;
			sourceTree = "<group>";
		};
/* End PBXGroup section */

/* Begin PBXNativeTarget section */
		490A3FAF25ED99060012F6F9 /* Parstagram */ = {
			isa = PBXNativeTarget;
			buildConfigurationList = 490A3FDA25ED99090012F6F9 /* Build configuration list for PBXNativeTarget "Parstagram" */;
			buildPhases = (
				490A3FAC25ED99060012F6F9 /* Sources */,
				490A3FAD25ED99060012F6F9 /* Frameworks */,
				490A3FAE25ED99060012F6F9 /* Resources */,
			);
			buildRules = (
			);
			dependencies = (
			);
			name = Parstagram;
			productName = Parstagram;
			productReference = 490A3FB025ED99060012F6F9 /* Parstagram.app */;
			productType = "com.apple.product-type.application";
		};
		490A3FC525ED99090012F6F9 /* ParstagramTests */ = {
			isa = PBXNativeTarget;
			buildConfigurationList = 490A3FDD25ED99090012F6F9 /* Build configuration list for PBXNativeTarget "ParstagramTests" */;
			buildPhases = (
				490A3FC225ED99090012F6F9 /* Sources */,
				490A3FC325ED99090012F6F9 /* Frameworks */,
				490A3FC425ED99090012F6F9 /* Resources */,
			);
			buildRules = (
			);
			dependencies = (
				490A3FC825ED99090012F6F9 /* PBXTargetDependency */,
			);
			name = ParstagramTests;
			productName = ParstagramTests;
			productReference = 490A3FC625ED99090012F6F9 /* ParstagramTests.xctest */;
			productType = "com.apple.product-type.bundle.unit-test";
		};
		490A3FD025ED99090012F6F9 /* ParstagramUITests */ = {
			isa = PBXNativeTarget;
			buildConfigurationList = 490A3FE025ED99090012F6F9 /* Build configuration list for PBXNativeTarget "ParstagramUITests" */;
			buildPhases = (
				490A3FCD25ED99090012F6F9 /* Sources */,
				490A3FCE25ED99090012F6F9 /* Frameworks */,
				490A3FCF25ED99090012F6F9 /* Resources */,
			);
			buildRules = (
			);
			dependencies = (
				490A3FD325ED99090012F6F9 /* PBXTargetDependency */,
			);
			name = ParstagramUITests;
			productName = ParstagramUITests;
			productReference = 490A3FD125ED99090012F6F9 /* ParstagramUITests.xctest */;
			productType = "com.apple.product-type.bundle.ui-testing";
		};
/* End PBXNativeTarget section */

/* Begin PBXProject section */
		490A3FA825ED99060012F6F9 /* Project object */ = {
			isa = PBXProject;
			attributes = {
				LastSwiftUpdateCheck = 1160;
				LastUpgradeCheck = 1160;
				ORGANIZATIONNAME = codepath;
				TargetAttributes = {
					490A3FAF25ED99060012F6F9 = {
						CreatedOnToolsVersion = 11.6;
					};
					490A3FC525ED99090012F6F9 = {
						CreatedOnToolsVersion = 11.6;
						TestTargetID = 490A3FAF25ED99060012F6F9;
					};
					490A3FD025ED99090012F6F9 = {
						CreatedOnToolsVersion = 11.6;
						TestTargetID = 490A3FAF25ED99060012F6F9;
					};
				};
			};
			buildConfigurationList = 490A3FAB25ED99060012F6F9 /* Build configuration list for PBXProject "Parstagram" */;
			compatibilityVersion = "Xcode 9.3";
			developmentRegion = en;
			hasScannedForEncodings = 0;
			knownRegions = (
				en,
				Base,
			);
			mainGroup = 490A3FA725ED99060012F6F9;
			productRefGroup = 490A3FB125ED99060012F6F9 /* Products */;
			projectDirPath = "";
			projectRoot = "";
			targets = (
				490A3FAF25ED99060012F6F9 /* Parstagram */,
				490A3FC525ED99090012F6F9 /* ParstagramTests */,
				490A3FD025ED99090012F6F9 /* ParstagramUITests */,
			);
		};
/* End PBXProject section */

/* Begin PBXResourcesBuildPhase section */
		490A3FAE25ED99060012F6F9 /* Resources */ = {
			isa = PBXResourcesBuildPhase;
			buildActionMask = 2147483647;
			files = (
				490A3FC025ED99080012F6F9 /* LaunchScreen.storyboard in Resources */,
				490A3FBD25ED99080012F6F9 /* Assets.xcassets in Resources */,
				490A3FBB25ED99060012F6F9 /* Main.storyboard in Resources */,
			);
			runOnlyForDeploymentPostprocessing = 0;
		};
		490A3FC425ED99090012F6F9 /* Resources */ = {
			isa = PBXResourcesBuildPhase;
			buildActionMask = 2147483647;
			files = (
			);
			runOnlyForDeploymentPostprocessing = 0;
		};
		490A3FCF25ED99090012F6F9 /* Resources */ = {
			isa = PBXResourcesBuildPhase;
			buildActionMask = 2147483647;
			files = (
			);
			runOnlyForDeploymentPostprocessing = 0;
		};
/* End PBXResourcesBuildPhase section */

/* Begin PBXSourcesBuildPhase section */
		490A3FAC25ED99060012F6F9 /* Sources */ = {
			isa = PBXSourcesBuildPhase;
			buildActionMask = 2147483647;
			files = (
				490A3FE425EDE3460012F6F9 /* LoginViewController.swift in Sources */,
				490A3FB425ED99060012F6F9 /* AppDelegate.swift in Sources */,
				490A3FE625EDE3520012F6F9 /* FeedViewController.swift in Sources */,
				490A3FB625ED99060012F6F9 /* SceneDelegate.swift in Sources */,
			);
			runOnlyForDeploymentPostprocessing = 0;
		};
		490A3FC225ED99090012F6F9 /* Sources */ = {
			isa = PBXSourcesBuildPhase;
			buildActionMask = 2147483647;
			files = (
				490A3FCB25ED99090012F6F9 /* ParstagramTests.swift in Sources */,
			);
			runOnlyForDeploymentPostprocessing = 0;
		};
		490A3FCD25ED99090012F6F9 /* Sources */ = {
			isa = PBXSourcesBuildPhase;
			buildActionMask = 2147483647;
			files = (
				490A3FD625ED99090012F6F9 /* ParstagramUITests.swift in Sources */,
			);
			runOnlyForDeploymentPostprocessing = 0;
		};
/* End PBXSourcesBuildPhase section */

/* Begin PBXTargetDependency section */
		490A3FC825ED99090012F6F9 /* PBXTargetDependency */ = {
			isa = PBXTargetDependency;
			target = 490A3FAF25ED99060012F6F9 /* Parstagram */;
			targetProxy = 490A3FC725ED99090012F6F9 /* PBXContainerItemProxy */;
		};
		490A3FD325ED99090012F6F9 /* PBXTargetDependency */ = {
			isa = PBXTargetDependency;
			target = 490A3FAF25ED99060012F6F9 /* Parstagram */;
			targetProxy = 490A3FD225ED99090012F6F9 /* PBXContainerItemProxy */;
		};
/* End PBXTargetDependency section */

/* Begin PBXVariantGroup section */
		490A3FB925ED99060012F6F9 /* Main.storyboard */ = {
			isa = PBXVariantGroup;
			children = (
				490A3FBA25ED99060012F6F9 /* Base */,
			);
			name = Main.storyboard;
			sourceTree = "<group>";
		};
		490A3FBE25ED99080012F6F9 /* LaunchScreen.storyboard */ = {
			isa = PBXVariantGroup;
			children = (
				490A3FBF25ED99080012F6F9 /* Base */,
			);
			name = LaunchScreen.storyboard;
			sourceTree = "<group>";
		};
/* End PBXVariantGroup section */

/* Begin XCBuildConfiguration section */
		490A3FD825ED99090012F6F9 /* Debug */ = {
			isa = XCBuildConfiguration;
			buildSettings = {
				ALWAYS_SEARCH_USER_PATHS = NO;
				CLANG_ANALYZER_NONNULL = YES;
				CLANG_ANALYZER_NUMBER_OBJECT_CONVERSION = YES_AGGRESSIVE;
				CLANG_CXX_LANGUAGE_STANDARD = "gnu++14";
				CLANG_CXX_LIBRARY = "libc++";
				CLANG_ENABLE_MODULES = YES;
				CLANG_ENABLE_OBJC_ARC = YES;
				CLANG_ENABLE_OBJC_WEAK = YES;
				CLANG_WARN_BLOCK_CAPTURE_AUTORELEASING = YES;
				CLANG_WARN_BOOL_CONVERSION = YES;
				CLANG_WARN_COMMA = YES;
				CLANG_WARN_CONSTANT_CONVERSION = YES;
				CLANG_WARN_DEPRECATED_OBJC_IMPLEMENTATIONS = YES;
				CLANG_WARN_DIRECT_OBJC_ISA_USAGE = YES_ERROR;
				CLANG_WARN_DOCUMENTATION_COMMENTS = YES;
				CLANG_WARN_EMPTY_BODY = YES;
				CLANG_WARN_ENUM_CONVERSION = YES;
				CLANG_WARN_INFINITE_RECURSION = YES;
				CLANG_WARN_INT_CONVERSION = YES;
				CLANG_WARN_NON_LITERAL_NULL_CONVERSION = YES;
				CLANG_WARN_OBJC_IMPLICIT_RETAIN_SELF = YES;
				CLANG_WARN_OBJC_LITERAL_CONVERSION = YES;
				CLANG_WARN_OBJC_ROOT_CLASS = YES_ERROR;
				CLANG_WARN_RANGE_LOOP_ANALYSIS = YES;
				CLANG_WARN_STRICT_PROTOTYPES = YES;
				CLANG_WARN_SUSPICIOUS_MOVE = YES;
				CLANG_WARN_UNGUARDED_AVAILABILITY = YES_AGGRESSIVE;
				CLANG_WARN_UNREACHABLE_CODE = YES;
				CLANG_WARN__DUPLICATE_METHOD_MATCH = YES;
				COPY_PHASE_STRIP = NO;
				DEBUG_INFORMATION_FORMAT = dwarf;
				ENABLE_STRICT_OBJC_MSGSEND = YES;
				ENABLE_TESTABILITY = YES;
				GCC_C_LANGUAGE_STANDARD = gnu11;
				GCC_DYNAMIC_NO_PIC = NO;
				GCC_NO_COMMON_BLOCKS = YES;
				GCC_OPTIMIZATION_LEVEL = 0;
				GCC_PREPROCESSOR_DEFINITIONS = (
					"DEBUG=1",
					"$(inherited)",
				);
				GCC_WARN_64_TO_32_BIT_CONVERSION = YES;
				GCC_WARN_ABOUT_RETURN_TYPE = YES_ERROR;
				GCC_WARN_UNDECLARED_SELECTOR = YES;
				GCC_WARN_UNINITIALIZED_AUTOS = YES_AGGRESSIVE;
				GCC_WARN_UNUSED_FUNCTION = YES;
				GCC_WARN_UNUSED_VARIABLE = YES;
				IPHONEOS_DEPLOYMENT_TARGET = 13.6;
				MTL_ENABLE_DEBUG_INFO = INCLUDE_SOURCE;
				MTL_FAST_MATH = YES;
				ONLY_ACTIVE_ARCH = YES;
				SDKROOT = iphoneos;
				SWIFT_ACTIVE_COMPILATION_CONDITIONS = DEBUG;
				SWIFT_OPTIMIZATION_LEVEL = "-Onone";
			};
			name = Debug;
		};
		490A3FD925ED99090012F6F9 /* Release */ = {
			isa = XCBuildConfiguration;
			buildSettings = {
				ALWAYS_SEARCH_USER_PATHS = NO;
				CLANG_ANALYZER_NONNULL = YES;
				CLANG_ANALYZER_NUMBER_OBJECT_CONVERSION = YES_AGGRESSIVE;
				CLANG_CXX_LANGUAGE_STANDARD = "gnu++14";
				CLANG_CXX_LIBRARY = "libc++";
				CLANG_ENABLE_MODULES = YES;
				CLANG_ENABLE_OBJC_ARC = YES;
				CLANG_ENABLE_OBJC_WEAK = YES;
				CLANG_WARN_BLOCK_CAPTURE_AUTORELEASING = YES;
				CLANG_WARN_BOOL_CONVERSION = YES;
				CLANG_WARN_COMMA = YES;
				CLANG_WARN_CONSTANT_CONVERSION = YES;
				CLANG_WARN_DEPRECATED_OBJC_IMPLEMENTATIONS = YES;
				CLANG_WARN_DIRECT_OBJC_ISA_USAGE = YES_ERROR;
				CLANG_WARN_DOCUMENTATION_COMMENTS = YES;
				CLANG_WARN_EMPTY_BODY = YES;
				CLANG_WARN_ENUM_CONVERSION = YES;
				CLANG_WARN_INFINITE_RECURSION = YES;
				CLANG_WARN_INT_CONVERSION = YES;
				CLANG_WARN_NON_LITERAL_NULL_CONVERSION = YES;
				CLANG_WARN_OBJC_IMPLICIT_RETAIN_SELF = YES;
				CLANG_WARN_OBJC_LITERAL_CONVERSION = YES;
				CLANG_WARN_OBJC_ROOT_CLASS = YES_ERROR;
				CLANG_WARN_RANGE_LOOP_ANALYSIS = YES;
				CLANG_WARN_STRICT_PROTOTYPES = YES;
				CLANG_WARN_SUSPICIOUS_MOVE = YES;
				CLANG_WARN_UNGUARDED_AVAILABILITY = YES_AGGRESSIVE;
				CLANG_WARN_UNREACHABLE_CODE = YES;
				CLANG_WARN__DUPLICATE_METHOD_MATCH = YES;
				COPY_PHASE_STRIP = NO;
				DEBUG_INFORMATION_FORMAT = "dwarf-with-dsym";
				ENABLE_NS_ASSERTIONS = NO;
				ENABLE_STRICT_OBJC_MSGSEND = YES;
				GCC_C_LANGUAGE_STANDARD = gnu11;
				GCC_NO_COMMON_BLOCKS = YES;
				GCC_WARN_64_TO_32_BIT_CONVERSION = YES;
				GCC_WARN_ABOUT_RETURN_TYPE = YES_ERROR;
				GCC_WARN_UNDECLARED_SELECTOR = YES;
				GCC_WARN_UNINITIALIZED_AUTOS = YES_AGGRESSIVE;
				GCC_WARN_UNUSED_FUNCTION = YES;
				GCC_WARN_UNUSED_VARIABLE = YES;
				IPHONEOS_DEPLOYMENT_TARGET = 13.6;
				MTL_ENABLE_DEBUG_INFO = NO;
				MTL_FAST_MATH = YES;
				SDKROOT = iphoneos;
				SWIFT_COMPILATION_MODE = wholemodule;
				SWIFT_OPTIMIZATION_LEVEL = "-O";
				VALIDATE_PRODUCT = YES;
			};
			name = Release;
		};
		490A3FDB25ED99090012F6F9 /* Debug */ = {
			isa = XCBuildConfiguration;
			buildSettings = {
				ASSETCATALOG_COMPILER_APPICON_NAME = AppIcon;
				CODE_SIGN_STYLE = Automatic;
				INFOPLIST_FILE = Parstagram/Info.plist;
				LD_RUNPATH_SEARCH_PATHS = (
					"$(inherited)",
					"@executable_path/Frameworks",
				);
				PRODUCT_BUNDLE_IDENTIFIER = com.codepath.Parstagram;
				PRODUCT_NAME = "$(TARGET_NAME)";
				SWIFT_VERSION = 5.0;
				TARGETED_DEVICE_FAMILY = "1,2";
			};
			name = Debug;
		};
		490A3FDC25ED99090012F6F9 /* Release */ = {
			isa = XCBuildConfiguration;
			buildSettings = {
				ASSETCATALOG_COMPILER_APPICON_NAME = AppIcon;
				CODE_SIGN_STYLE = Automatic;
				INFOPLIST_FILE = Parstagram/Info.plist;
				LD_RUNPATH_SEARCH_PATHS = (
					"$(inherited)",
					"@executable_path/Frameworks",
				);
				PRODUCT_BUNDLE_IDENTIFIER = com.codepath.Parstagram;
				PRODUCT_NAME = "$(TARGET_NAME)";
				SWIFT_VERSION = 5.0;
				TARGETED_DEVICE_FAMILY = "1,2";
			};
			name = Release;
		};
		490A3FDE25ED99090012F6F9 /* Debug */ = {
			isa = XCBuildConfiguration;
			buildSettings = {
				ALWAYS_EMBED_SWIFT_STANDARD_LIBRARIES = YES;
				BUNDLE_LOADER = "$(TEST_HOST)";
				CODE_SIGN_STYLE = Automatic;
				INFOPLIST_FILE = ParstagramTests/Info.plist;
				IPHONEOS_DEPLOYMENT_TARGET = 13.6;
				LD_RUNPATH_SEARCH_PATHS = (
					"$(inherited)",
					"@executable_path/Frameworks",
					"@loader_path/Frameworks",
				);
				PRODUCT_BUNDLE_IDENTIFIER = com.codepath.ParstagramTests;
				PRODUCT_NAME = "$(TARGET_NAME)";
				SWIFT_VERSION = 5.0;
				TARGETED_DEVICE_FAMILY = "1,2";
				TEST_HOST = "$(BUILT_PRODUCTS_DIR)/Parstagram.app/Parstagram";
			};
			name = Debug;
		};
		490A3FDF25ED99090012F6F9 /* Release */ = {
			isa = XCBuildConfiguration;
			buildSettings = {
				ALWAYS_EMBED_SWIFT_STANDARD_LIBRARIES = YES;
				BUNDLE_LOADER = "$(TEST_HOST)";
				CODE_SIGN_STYLE = Automatic;
				INFOPLIST_FILE = ParstagramTests/Info.plist;
				IPHONEOS_DEPLOYMENT_TARGET = 13.6;
				LD_RUNPATH_SEARCH_PATHS = (
					"$(inherited)",
					"@executable_path/Frameworks",
					"@loader_path/Frameworks",
				);
				PRODUCT_BUNDLE_IDENTIFIER = com.codepath.ParstagramTests;
				PRODUCT_NAME = "$(TARGET_NAME)";
				SWIFT_VERSION = 5.0;
				TARGETED_DEVICE_FAMILY = "1,2";
				TEST_HOST = "$(BUILT_PRODUCTS_DIR)/Parstagram.app/Parstagram";
			};
			name = Release;
		};
		490A3FE125ED99090012F6F9 /* Debug */ = {
			isa = XCBuildConfiguration;
			buildSettings = {
				ALWAYS_EMBED_SWIFT_STANDARD_LIBRARIES = YES;
				CODE_SIGN_STYLE = Automatic;
				INFOPLIST_FILE = ParstagramUITests/Info.plist;
				LD_RUNPATH_SEARCH_PATHS = (
					"$(inherited)",
					"@executable_path/Frameworks",
					"@loader_path/Frameworks",
				);
				PRODUCT_BUNDLE_IDENTIFIER = com.codepath.ParstagramUITests;
				PRODUCT_NAME = "$(TARGET_NAME)";
				SWIFT_VERSION = 5.0;
				TARGETED_DEVICE_FAMILY = "1,2";
				TEST_TARGET_NAME = Parstagram;
			};
			name = Debug;
		};
		490A3FE225ED99090012F6F9 /* Release */ = {
			isa = XCBuildConfiguration;
			buildSettings = {
				ALWAYS_EMBED_SWIFT_STANDARD_LIBRARIES = YES;
				CODE_SIGN_STYLE = Automatic;
				INFOPLIST_FILE = ParstagramUITests/Info.plist;
				LD_RUNPATH_SEARCH_PATHS = (
					"$(inherited)",
					"@executable_path/Frameworks",
					"@loader_path/Frameworks",
				);
				PRODUCT_BUNDLE_IDENTIFIER = com.codepath.ParstagramUITests;
				PRODUCT_NAME = "$(TARGET_NAME)";
				SWIFT_VERSION = 5.0;
				TARGETED_DEVICE_FAMILY = "1,2";
				TEST_TARGET_NAME = Parstagram;
			};
			name = Release;
		};
/* End XCBuildConfiguration section */

/* Begin XCConfigurationList section */
		490A3FAB25ED99060012F6F9 /* Build configuration list for PBXProject "Parstagram" */ = {
			isa = XCConfigurationList;
			buildConfigurations = (
				490A3FD825ED99090012F6F9 /* Debug */,
				490A3FD925ED99090012F6F9 /* Release */,
			);
			defaultConfigurationIsVisible = 0;
			defaultConfigurationName = Release;
		};
		490A3FDA25ED99090012F6F9 /* Build configuration list for PBXNativeTarget "Parstagram" */ = {
			isa = XCConfigurationList;
			buildConfigurations = (
				490A3FDB25ED99090012F6F9 /* Debug */,
				490A3FDC25ED99090012F6F9 /* Release */,
			);
			defaultConfigurationIsVisible = 0;
			defaultConfigurationName = Release;
		};
		490A3FDD25ED99090012F6F9 /* Build configuration list for PBXNativeTarget "ParstagramTests" */ = {
			isa = XCConfigurationList;
			buildConfigurations = (
				490A3FDE25ED99090012F6F9 /* Debug */,
				490A3FDF25ED99090012F6F9 /* Release */,
			);
			defaultConfigurationIsVisible = 0;
			defaultConfigurationName = Release;
		};
		490A3FE025ED99090012F6F9 /* Build configuration list for PBXNativeTarget "ParstagramUITests" */ = {
			isa = XCConfigurationList;
			buildConfigurations = (
				490A3FE125ED99090012F6F9 /* Debug */,
				490A3FE225ED99090012F6F9 /* Release */,
			);
			defaultConfigurationIsVisible = 0;
			defaultConfigurationName = Release;
		};
/* End XCConfigurationList section */
	};
	rootObject = 490A3FA825ED99060012F6F9 /* Project object */;
}
