// !$*UTF8*$!
{
	archiveVersion = 1;
	classes = {
	};
	objectVersion = 50;
	objects = {

/* Begin PBXBuildFile section */
		0A0F24898B0F665315806D22 /* Pods_Parstagram_ParstagramUITests.framework in Frameworks */ = {isa = PBXBuildFile; fileRef = 1F27D33CD99862F2B0B7AA50 /* Pods_Parstagram_ParstagramUITests.framework */; };
		490A3FB425ED99060012F6F9 /* AppDelegate.swift in Sources */ = {isa = PBXBuildFile; fileRef = 490A3FB325ED99060012F6F9 /* AppDelegate.swift */; };
		490A3FB625ED99060012F6F9 /* SceneDelegate.swift in Sources */ = {isa = PBXBuildFile; fileRef = 490A3FB525ED99060012F6F9 /* SceneDelegate.swift */; };
		490A3FBB25ED99060012F6F9 /* Main.storyboard in Resources */ = {isa = PBXBuildFile; fileRef = 490A3FB925ED99060012F6F9 /* Main.storyboard */; };
		490A3FBD25ED99080012F6F9 /* Assets.xcassets in Resources */ = {isa = PBXBuildFile; fileRef = 490A3FBC25ED99080012F6F9 /* Assets.xcassets */; };
		490A3FC025ED99080012F6F9 /* LaunchScreen.storyboard in Resources */ = {isa = PBXBuildFile; fileRef = 490A3FBE25ED99080012F6F9 /* LaunchScreen.storyboard */; };
		490A3FCB25ED99090012F6F9 /* ParstagramTests.swift in Sources */ = {isa = PBXBuildFile; fileRef = 490A3FCA25ED99090012F6F9 /* ParstagramTests.swift */; };
		490A3FD625ED99090012F6F9 /* ParstagramUITests.swift in Sources */ = {isa = PBXBuildFile; fileRef = 490A3FD525ED99090012F6F9 /* ParstagramUITests.swift */; };
		490A3FE425EDE3460012F6F9 /* LoginViewController.swift in Sources */ = {isa = PBXBuildFile; fileRef = 490A3FE325EDE3460012F6F9 /* LoginViewController.swift */; };
		490A3FE625EDE3520012F6F9 /* FeedViewController.swift in Sources */ = {isa = PBXBuildFile; fileRef = 490A3FE525EDE3520012F6F9 /* FeedViewController.swift */; };
		6167E1780EFDB37CD9481348 /* Pods_ParstagramTests.framework in Frameworks */ = {isa = PBXBuildFile; fileRef = 01367F990F07B466D2F524FC /* Pods_ParstagramTests.framework */; };
		D401016A4B78A4BC9DB55D68 /* Pods_Parstagram.framework in Frameworks */ = {isa = PBXBuildFile; fileRef = 78520601511AF846912CD0C0 /* Pods_Parstagram.framework */; };
/* End PBXBuildFile section */

/* Begin PBXContainerItemProxy section */
		490A3FC725ED99090012F6F9 /* PBXContainerItemProxy */ = {
			isa = PBXContainerItemProxy;
			containerPortal = 490A3FA825ED99060012F6F9 /* Project object */;
			proxyType = 1;
			remoteGlobalIDString = 490A3FAF25ED99060012F6F9;
			remoteInfo = Parstagram;
		};
		490A3FD225ED99090012F6F9 /* PBXContainerItemProxy */ = {
			isa = PBXContainerItemProxy;
			containerPortal = 490A3FA825ED99060012F6F9 /* Project object */;
			proxyType = 1;
			remoteGlobalIDString = 490A3FAF25ED99060012F6F9;
			remoteInfo = Parstagram;
		};
/* End PBXContainerItemProxy section */

/* Begin PBXFileReference section */
		01367F990F07B466D2F524FC /* Pods_ParstagramTests.framework */ = {isa = PBXFileReference; explicitFileType = wrapper.framework; includeInIndex = 0; path = Pods_ParstagramTests.framework; sourceTree = BUILT_PRODUCTS_DIR; };
		09F9367FDFCF0EEA9C07AA1A /* Pods-ParstagramTests.debug.xcconfig */ = {isa = PBXFileReference; includeInIndex = 1; lastKnownFileType = text.xcconfig; name = "Pods-ParstagramTests.debug.xcconfig"; path = "Target Support Files/Pods-ParstagramTests/Pods-ParstagramTests.debug.xcconfig"; sourceTree = "<group>"; };
		1F27D33CD99862F2B0B7AA50 /* Pods_Parstagram_ParstagramUITests.framework */ = {isa = PBXFileReference; explicitFileType = wrapper.framework; includeInIndex = 0; path = Pods_Parstagram_ParstagramUITests.framework; sourceTree = BUILT_PRODUCTS_DIR; };
		29DCD7258EDE0E6AEE212C31 /* Pods-Parstagram-ParstagramUITests.release.xcconfig */ = {isa = PBXFileReference; includeInIndex = 1; lastKnownFileType = text.xcconfig; name = "Pods-Parstagram-ParstagramUITests.release.xcconfig"; path = "Target Support Files/Pods-Parstagram-ParstagramUITests/Pods-Parstagram-ParstagramUITests.release.xcconfig"; sourceTree = "<group>"; };
		490A3FB025ED99060012F6F9 /* Parstagram.app */ = {isa = PBXFileReference; explicitFileType = wrapper.application; includeInIndex = 0; path = Parstagram.app; sourceTree = BUILT_PRODUCTS_DIR; };
		490A3FB325ED99060012F6F9 /* AppDelegate.swift */ = {isa = PBXFileReference; lastKnownFileType = sourcecode.swift; path = AppDelegate.swift; sourceTree = "<group>"; };
		490A3FB525ED99060012F6F9 /* SceneDelegate.swift */ = {isa = PBXFileReference; lastKnownFileType = sourcecode.swift; path = SceneDelegate.swift; sourceTree = "<group>"; };
		490A3FBA25ED99060012F6F9 /* Base */ = {isa = PBXFileReference; lastKnownFileType = file.storyboard; name = Base; path = Base.lproj/Main.storyboard; sourceTree = "<group>"; };
		490A3FBC25ED99080012F6F9 /* Assets.xcassets */ = {isa = PBXFileReference; lastKnownFileType = folder.assetcatalog; path = Assets.xcassets; sourceTree = "<group>"; };
		490A3FBF25ED99080012F6F9 /* Base */ = {isa = PBXFileReference; lastKnownFileType = file.storyboard; name = Base; path = Base.lproj/LaunchScreen.storyboard; sourceTree = "<group>"; };
		490A3FC125ED99080012F6F9 /* Info.plist */ = {isa = PBXFileReference; lastKnownFileType = text.plist.xml; path = Info.plist; sourceTree = "<group>"; };
		490A3FC625ED99090012F6F9 /* ParstagramTests.xctest */ = {isa = PBXFileReference; explicitFileType = wrapper.cfbundle; includeInIndex = 0; path = ParstagramTests.xctest; sourceTree = BUILT_PRODUCTS_DIR; };
		490A3FCA25ED99090012F6F9 /* ParstagramTests.swift */ = {isa = PBXFileReference; lastKnownFileType = sourcecode.swift; path = ParstagramTests.swift; sourceTree = "<group>"; };
		490A3FCC25ED99090012F6F9 /* Info.plist */ = {isa = PBXFileReference; lastKnownFileType = text.plist.xml; path = Info.plist; sourceTree = "<group>"; };
		490A3FD125ED99090012F6F9 /* ParstagramUITests.xctest */ = {isa = PBXFileReference; explicitFileType = wrapper.cfbundle; includeInIndex = 0; path = ParstagramUITests.xctest; sourceTree = BUILT_PRODUCTS_DIR; };
		490A3FD525ED99090012F6F9 /* ParstagramUITests.swift */ = {isa = PBXFileReference; lastKnownFileType = sourcecode.swift; path = ParstagramUITests.swift; sourceTree = "<group>"; };
		490A3FD725ED99090012F6F9 /* Info.plist */ = {isa = PBXFileReference; lastKnownFileType = text.plist.xml; path = Info.plist; sourceTree = "<group>"; };
		490A3FE325EDE3460012F6F9 /* LoginViewController.swift */ = {isa = PBXFileReference; lastKnownFileType = sourcecode.swift; path = LoginViewController.swift; sourceTree = "<group>"; };
		490A3FE525EDE3520012F6F9 /* FeedViewController.swift */ = {isa = PBXFileReference; lastKnownFileType = sourcecode.swift; path = FeedViewController.swift; sourceTree = "<group>"; };
		5441AD619B74D8756DD8576E /* Pods-Parstagram-ParstagramUITests.debug.xcconfig */ = {isa = PBXFileReference; includeInIndex = 1; lastKnownFileType = text.xcconfig; name = "Pods-Parstagram-ParstagramUITests.debug.xcconfig"; path = "Target Support Files/Pods-Parstagram-ParstagramUITests/Pods-Parstagram-ParstagramUITests.debug.xcconfig"; sourceTree = "<group>"; };
		78520601511AF846912CD0C0 /* Pods_Parstagram.framework */ = {isa = PBXFileReference; explicitFileType = wrapper.framework; includeInIndex = 0; path = Pods_Parstagram.framework; sourceTree = BUILT_PRODUCTS_DIR; };
		892C867DD305B9465847DC5B /* Pods-Parstagram.release.xcconfig */ = {isa = PBXFileReference; includeInIndex = 1; lastKnownFileType = text.xcconfig; name = "Pods-Parstagram.release.xcconfig"; path = "Target Support Files/Pods-Parstagram/Pods-Parstagram.release.xcconfig"; sourceTree = "<group>"; };
		B49DCB8EC9B1787331306262 /* Pods-ParstagramTests.release.xcconfig */ = {isa = PBXFileReference; includeInIndex = 1; lastKnownFileType = text.xcconfig; name = "Pods-ParstagramTests.release.xcconfig"; path = "Target Support Files/Pods-ParstagramTests/Pods-ParstagramTests.release.xcconfig"; sourceTree = "<group>"; };
		C8453935C8C04B2A94B3DB92 /* Pods-Parstagram.debug.xcconfig */ = {isa = PBXFileReference; includeInIndex = 1; lastKnownFileType = text.xcconfig; name = "Pods-Parstagram.debug.xcconfig"; path = "Target Support Files/Pods-Parstagram/Pods-Parstagram.debug.xcconfig"; sourceTree = "<group>"; };
/* End PBXFileReference section */

/* Begin PBXFrameworksBuildPhase section */
		490A3FAD25ED99060012F6F9 /* Frameworks */ = {
			isa = PBXFrameworksBuildPhase;
			buildActionMask = 2147483647;
			files = (
				D401016A4B78A4BC9DB55D68 /* Pods_Parstagram.framework in Frameworks */,
			);
			runOnlyForDeploymentPostprocessing = 0;
		};
		490A3FC325ED99090012F6F9 /* Frameworks */ = {
			isa = PBXFrameworksBuildPhase;
			buildActionMask = 2147483647;
			files = (
				6167E1780EFDB37CD9481348 /* Pods_ParstagramTests.framework in Frameworks */,
			);
			runOnlyForDeploymentPostprocessing = 0;
		};
		490A3FCE25ED99090012F6F9 /* Frameworks */ = {
			isa = PBXFrameworksBuildPhase;
			buildActionMask = 2147483647;
			files = (
				0A0F24898B0F665315806D22 /* Pods_Parstagram_ParstagramUITests.framework in Frameworks */,
			);
			runOnlyForDeploymentPostprocessing = 0;
		};
/* End PBXFrameworksBuildPhase section */

/* Begin PBXGroup section */
		490A3FA725ED99060012F6F9 = {
			isa = PBXGroup;
			children = (
				490A3FB225ED99060012F6F9 /* Parstagram */,
				490A3FC925ED99090012F6F9 /* ParstagramTests */,
				490A3FD425ED99090012F6F9 /* ParstagramUITests */,
				490A3FB125ED99060012F6F9 /* Products */,
				5061F83BA58FACDA3B8A1212 /* Pods */,
				BFB8FC60CD6851AFB4EE203A /* Frameworks */,
			);
			sourceTree = "<group>";
		};
		490A3FB125ED99060012F6F9 /* Products */ = {
			isa = PBXGroup;
			children = (
				490A3FB025ED99060012F6F9 /* Parstagram.app */,
				490A3FC625ED99090012F6F9 /* ParstagramTests.xctest */,
				490A3FD125ED99090012F6F9 /* ParstagramUITests.xctest */,
			);
			name = Products;
			sourceTree = "<group>";
		};
		490A3FB225ED99060012F6F9 /* Parstagram */ = {
			isa = PBXGroup;
			children = (
				490A3FE525EDE3520012F6F9 /* FeedViewController.swift */,
				490A3FE325EDE3460012F6F9 /* LoginViewController.swift */,
				490A3FB325ED99060012F6F9 /* AppDelegate.swift */,
				490A3FB525ED99060012F6F9 /* SceneDelegate.swift */,
				490A3FB925ED99060012F6F9 /* Main.storyboard */,
				490A3FBC25ED99080012F6F9 /* Assets.xcassets */,
				490A3FBE25ED99080012F6F9 /* LaunchScreen.storyboard */,
				490A3FC125ED99080012F6F9 /* Info.plist */,
			);
			path = Parstagram;
			sourceTree = "<group>";
		};
		490A3FC925ED99090012F6F9 /* ParstagramTests */ = {
			isa = PBXGroup;
			children = (
				490A3FCA25ED99090012F6F9 /* ParstagramTests.swift */,
				490A3FCC25ED99090012F6F9 /* Info.plist */,
			);
			path = ParstagramTests;
			sourceTree = "<group>";
		};
		490A3FD425ED99090012F6F9 /* ParstagramUITests */ = {
			isa = PBXGroup;
			children = (
				490A3FD525ED99090012F6F9 /* ParstagramUITests.swift */,
				490A3FD725ED99090012F6F9 /* Info.plist */,
			);
			path = ParstagramUITests;
			sourceTree = "<group>";
		};
		5061F83BA58FACDA3B8A1212 /* Pods */ = {
			isa = PBXGroup;
			children = (
				C8453935C8C04B2A94B3DB92 /* Pods-Parstagram.debug.xcconfig */,
				892C867DD305B9465847DC5B /* Pods-Parstagram.release.xcconfig */,
				5441AD619B74D8756DD8576E /* Pods-Parstagram-ParstagramUITests.debug.xcconfig */,
				29DCD7258EDE0E6AEE212C31 /* Pods-Parstagram-ParstagramUITests.release.xcconfig */,
				09F9367FDFCF0EEA9C07AA1A /* Pods-ParstagramTests.debug.xcconfig */,
				B49DCB8EC9B1787331306262 /* Pods-ParstagramTests.release.xcconfig */,
			);
			name = Pods;
			path = Pods;
			sourceTree = "<group>";
		};
		BFB8FC60CD6851AFB4EE203A /* Frameworks */ = {
			isa = PBXGroup;
			children = (
				78520601511AF846912CD0C0 /* Pods_Parstagram.framework */,
				1F27D33CD99862F2B0B7AA50 /* Pods_Parstagram_ParstagramUITests.framework */,
				01367F990F07B466D2F524FC /* Pods_ParstagramTests.framework */,
			);
			name = Frameworks;
			sourceTree = "<group>";
		};
/* End PBXGroup section */

/* Begin PBXNativeTarget section */
		490A3FAF25ED99060012F6F9 /* Parstagram */ = {
			isa = PBXNativeTarget;
			buildConfigurationList = 490A3FDA25ED99090012F6F9 /* Build configuration list for PBXNativeTarget "Parstagram" */;
			buildPhases = (
				D05160636C31A5CBBC47AD0D /* [CP] Check Pods Manifest.lock */,
				490A3FAC25ED99060012F6F9 /* Sources */,
				490A3FAD25ED99060012F6F9 /* Frameworks */,
				490A3FAE25ED99060012F6F9 /* Resources */,
				57F3CCF664D29602A6A34783 /* [CP] Embed Pods Frameworks */,
			);
			buildRules = (
			);
			dependencies = (
			);
			name = Parstagram;
			productName = Parstagram;
			productReference = 490A3FB025ED99060012F6F9 /* Parstagram.app */;
			productType = "com.apple.product-type.application";
		};
		490A3FC525ED99090012F6F9 /* ParstagramTests */ = {
			isa = PBXNativeTarget;
			buildConfigurationList = 490A3FDD25ED99090012F6F9 /* Build configuration list for PBXNativeTarget "ParstagramTests" */;
			buildPhases = (
				09427BDC409F41003D653B46 /* [CP] Check Pods Manifest.lock */,
				490A3FC225ED99090012F6F9 /* Sources */,
				490A3FC325ED99090012F6F9 /* Frameworks */,
				490A3FC425ED99090012F6F9 /* Resources */,
				E86251F4555029D2A9DE2E89 /* [CP] Embed Pods Frameworks */,
			);
			buildRules = (
			);
			dependencies = (
				490A3FC825ED99090012F6F9 /* PBXTargetDependency */,
			);
			name = ParstagramTests;
			productName = ParstagramTests;
			productReference = 490A3FC625ED99090012F6F9 /* ParstagramTests.xctest */;
			productType = "com.apple.product-type.bundle.unit-test";
		};
		490A3FD025ED99090012F6F9 /* ParstagramUITests */ = {
			isa = PBXNativeTarget;
			buildConfigurationList = 490A3FE025ED99090012F6F9 /* Build configuration list for PBXNativeTarget "ParstagramUITests" */;
			buildPhases = (
				DA84815907F43A716D7BC0B1 /* [CP] Check Pods Manifest.lock */,
				490A3FCD25ED99090012F6F9 /* Sources */,
				490A3FCE25ED99090012F6F9 /* Frameworks */,
				490A3FCF25ED99090012F6F9 /* Resources */,
				8BC36300230751849C9B770F /* [CP] Embed Pods Frameworks */,
			);
			buildRules = (
			);
			dependencies = (
				490A3FD325ED99090012F6F9 /* PBXTargetDependency */,
			);
			name = ParstagramUITests;
			productName = ParstagramUITests;
			productReference = 490A3FD125ED99090012F6F9 /* ParstagramUITests.xctest */;
			productType = "com.apple.product-type.bundle.ui-testing";
		};
/* End PBXNativeTarget section */

/* Begin PBXProject section */
		490A3FA825ED99060012F6F9 /* Project object */ = {
			isa = PBXProject;
			attributes = {
				LastSwiftUpdateCheck = 1160;
				LastUpgradeCheck = 1160;
				ORGANIZATIONNAME = codepath;
				TargetAttributes = {
					490A3FAF25ED99060012F6F9 = {
						CreatedOnToolsVersion = 11.6;
					};
					490A3FC525ED99090012F6F9 = {
						CreatedOnToolsVersion = 11.6;
						TestTargetID = 490A3FAF25ED99060012F6F9;
					};
					490A3FD025ED99090012F6F9 = {
						CreatedOnToolsVersion = 11.6;
						TestTargetID = 490A3FAF25ED99060012F6F9;
					};
				};
			};
			buildConfigurationList = 490A3FAB25ED99060012F6F9 /* Build configuration list for PBXProject "Parstagram" */;
			compatibilityVersion = "Xcode 9.3";
			developmentRegion = en;
			hasScannedForEncodings = 0;
			knownRegions = (
				en,
				Base,
			);
			mainGroup = 490A3FA725ED99060012F6F9;
			productRefGroup = 490A3FB125ED99060012F6F9 /* Products */;
			projectDirPath = "";
			projectRoot = "";
			targets = (
				490A3FAF25ED99060012F6F9 /* Parstagram */,
				490A3FC525ED99090012F6F9 /* ParstagramTests */,
				490A3FD025ED99090012F6F9 /* ParstagramUITests */,
			);
		};
/* End PBXProject section */

/* Begin PBXResourcesBuildPhase section */
		490A3FAE25ED99060012F6F9 /* Resources */ = {
			isa = PBXResourcesBuildPhase;
			buildActionMask = 2147483647;
			files = (
				490A3FC025ED99080012F6F9 /* LaunchScreen.storyboard in Resources */,
				490A3FBD25ED99080012F6F9 /* Assets.xcassets in Resources */,
				490A3FBB25ED99060012F6F9 /* Main.storyboard in Resources */,
			);
			runOnlyForDeploymentPostprocessing = 0;
		};
		490A3FC425ED99090012F6F9 /* Resources */ = {
			isa = PBXResourcesBuildPhase;
			buildActionMask = 2147483647;
			files = (
			);
			runOnlyForDeploymentPostprocessing = 0;
		};
		490A3FCF25ED99090012F6F9 /* Resources */ = {
			isa = PBXResourcesBuildPhase;
			buildActionMask = 2147483647;
			files = (
			);
			runOnlyForDeploymentPostprocessing = 0;
		};
/* End PBXResourcesBuildPhase section */

/* Begin PBXShellScriptBuildPhase section */
		09427BDC409F41003D653B46 /* [CP] Check Pods Manifest.lock */ = {
			isa = PBXShellScriptBuildPhase;
			buildActionMask = 2147483647;
			files = (
			);
			inputFileListPaths = (
			);
			inputPaths = (
				"${PODS_PODFILE_DIR_PATH}/Podfile.lock",
				"${PODS_ROOT}/Manifest.lock",
			);
			name = "[CP] Check Pods Manifest.lock";
			outputFileListPaths = (
			);
			outputPaths = (
				"$(DERIVED_FILE_DIR)/Pods-ParstagramTests-checkManifestLockResult.txt",
			);
			runOnlyForDeploymentPostprocessing = 0;
			shellPath = /bin/sh;
			shellScript = "diff \"${PODS_PODFILE_DIR_PATH}/Podfile.lock\" \"${PODS_ROOT}/Manifest.lock\" > /dev/null\nif [ $? != 0 ] ; then\n    # print error to STDERR\n    echo \"error: The sandbox is not in sync with the Podfile.lock. Run 'pod install' or update your CocoaPods installation.\" >&2\n    exit 1\nfi\n# This output is used by Xcode 'outputs' to avoid re-running this script phase.\necho \"SUCCESS\" > \"${SCRIPT_OUTPUT_FILE_0}\"\n";
			showEnvVarsInLog = 0;
		};
		57F3CCF664D29602A6A34783 /* [CP] Embed Pods Frameworks */ = {
			isa = PBXShellScriptBuildPhase;
			buildActionMask = 2147483647;
			files = (
			);
			inputFileListPaths = (
				"${PODS_ROOT}/Target Support Files/Pods-Parstagram/Pods-Parstagram-frameworks-${CONFIGURATION}-input-files.xcfilelist",
			);
			name = "[CP] Embed Pods Frameworks";
			outputFileListPaths = (
				"${PODS_ROOT}/Target Support Files/Pods-Parstagram/Pods-Parstagram-frameworks-${CONFIGURATION}-output-files.xcfilelist",
			);
			runOnlyForDeploymentPostprocessing = 0;
			shellPath = /bin/sh;
			shellScript = "\"${PODS_ROOT}/Target Support Files/Pods-Parstagram/Pods-Parstagram-frameworks.sh\"\n";
			showEnvVarsInLog = 0;
		};
		8BC36300230751849C9B770F /* [CP] Embed Pods Frameworks */ = {
			isa = PBXShellScriptBuildPhase;
			buildActionMask = 2147483647;
			files = (
			);
			inputFileListPaths = (
				"${PODS_ROOT}/Target Support Files/Pods-Parstagram-ParstagramUITests/Pods-Parstagram-ParstagramUITests-frameworks-${CONFIGURATION}-input-files.xcfilelist",
			);
			name = "[CP] Embed Pods Frameworks";
			outputFileListPaths = (
				"${PODS_ROOT}/Target Support Files/Pods-Parstagram-ParstagramUITests/Pods-Parstagram-ParstagramUITests-frameworks-${CONFIGURATION}-output-files.xcfilelist",
			);
			runOnlyForDeploymentPostprocessing = 0;
			shellPath = /bin/sh;
			shellScript = "\"${PODS_ROOT}/Target Support Files/Pods-Parstagram-ParstagramUITests/Pods-Parstagram-ParstagramUITests-frameworks.sh\"\n";
			showEnvVarsInLog = 0;
		};
		D05160636C31A5CBBC47AD0D /* [CP] Check Pods Manifest.lock */ = {
			isa = PBXShellScriptBuildPhase;
			buildActionMask = 2147483647;
			files = (
			);
			inputFileListPaths = (
			);
			inputPaths = (
				"${PODS_PODFILE_DIR_PATH}/Podfile.lock",
				"${PODS_ROOT}/Manifest.lock",
			);
			name = "[CP] Check Pods Manifest.lock";
			outputFileListPaths = (
			);
			outputPaths = (
				"$(DERIVED_FILE_DIR)/Pods-Parstagram-checkManifestLockResult.txt",
			);
			runOnlyForDeploymentPostprocessing = 0;
			shellPath = /bin/sh;
			shellScript = "diff \"${PODS_PODFILE_DIR_PATH}/Podfile.lock\" \"${PODS_ROOT}/Manifest.lock\" > /dev/null\nif [ $? != 0 ] ; then\n    # print error to STDERR\n    echo \"error: The sandbox is not in sync with the Podfile.lock. Run 'pod install' or update your CocoaPods installation.\" >&2\n    exit 1\nfi\n# This output is used by Xcode 'outputs' to avoid re-running this script phase.\necho \"SUCCESS\" > \"${SCRIPT_OUTPUT_FILE_0}\"\n";
			showEnvVarsInLog = 0;
		};
		DA84815907F43A716D7BC0B1 /* [CP] Check Pods Manifest.lock */ = {
			isa = PBXShellScriptBuildPhase;
			buildActionMask = 2147483647;
			files = (
			);
			inputFileListPaths = (
			);
			inputPaths = (
				"${PODS_PODFILE_DIR_PATH}/Podfile.lock",
				"${PODS_ROOT}/Manifest.lock",
			);
			name = "[CP] Check Pods Manifest.lock";
			outputFileListPaths = (
			);
			outputPaths = (
				"$(DERIVED_FILE_DIR)/Pods-Parstagram-ParstagramUITests-checkManifestLockResult.txt",
			);
			runOnlyForDeploymentPostprocessing = 0;
			shellPath = /bin/sh;
			shellScript = "diff \"${PODS_PODFILE_DIR_PATH}/Podfile.lock\" \"${PODS_ROOT}/Manifest.lock\" > /dev/null\nif [ $? != 0 ] ; then\n    # print error to STDERR\n    echo \"error: The sandbox is not in sync with the Podfile.lock. Run 'pod install' or update your CocoaPods installation.\" >&2\n    exit 1\nfi\n# This output is used by Xcode 'outputs' to avoid re-running this script phase.\necho \"SUCCESS\" > \"${SCRIPT_OUTPUT_FILE_0}\"\n";
			showEnvVarsInLog = 0;
		};
		E86251F4555029D2A9DE2E89 /* [CP] Embed Pods Frameworks */ = {
			isa = PBXShellScriptBuildPhase;
			buildActionMask = 2147483647;
			files = (
			);
			inputFileListPaths = (
				"${PODS_ROOT}/Target Support Files/Pods-ParstagramTests/Pods-ParstagramTests-frameworks-${CONFIGURATION}-input-files.xcfilelist",
			);
			name = "[CP] Embed Pods Frameworks";
			outputFileListPaths = (
				"${PODS_ROOT}/Target Support Files/Pods-ParstagramTests/Pods-ParstagramTests-frameworks-${CONFIGURATION}-output-files.xcfilelist",
			);
			runOnlyForDeploymentPostprocessing = 0;
			shellPath = /bin/sh;
			shellScript = "\"${PODS_ROOT}/Target Support Files/Pods-ParstagramTests/Pods-ParstagramTests-frameworks.sh\"\n";
			showEnvVarsInLog = 0;
		};
/* End PBXShellScriptBuildPhase section */

/* Begin PBXSourcesBuildPhase section */
		490A3FAC25ED99060012F6F9 /* Sources */ = {
			isa = PBXSourcesBuildPhase;
			buildActionMask = 2147483647;
			files = (
				490A3FE425EDE3460012F6F9 /* LoginViewController.swift in Sources */,
				490A3FB425ED99060012F6F9 /* AppDelegate.swift in Sources */,
				490A3FE625EDE3520012F6F9 /* FeedViewController.swift in Sources */,
				490A3FB625ED99060012F6F9 /* SceneDelegate.swift in Sources */,
			);
			runOnlyForDeploymentPostprocessing = 0;
		};
		490A3FC225ED99090012F6F9 /* Sources */ = {
			isa = PBXSourcesBuildPhase;
			buildActionMask = 2147483647;
			files = (
				490A3FCB25ED99090012F6F9 /* ParstagramTests.swift in Sources */,
			);
			runOnlyForDeploymentPostprocessing = 0;
		};
		490A3FCD25ED99090012F6F9 /* Sources */ = {
			isa = PBXSourcesBuildPhase;
			buildActionMask = 2147483647;
			files = (
				490A3FD625ED99090012F6F9 /* ParstagramUITests.swift in Sources */,
			);
			runOnlyForDeploymentPostprocessing = 0;
		};
/* End PBXSourcesBuildPhase section */

/* Begin PBXTargetDependency section */
		490A3FC825ED99090012F6F9 /* PBXTargetDependency */ = {
			isa = PBXTargetDependency;
			target = 490A3FAF25ED99060012F6F9 /* Parstagram */;
			targetProxy = 490A3FC725ED99090012F6F9 /* PBXContainerItemProxy */;
		};
		490A3FD325ED99090012F6F9 /* PBXTargetDependency */ = {
			isa = PBXTargetDependency;
			target = 490A3FAF25ED99060012F6F9 /* Parstagram */;
			targetProxy = 490A3FD225ED99090012F6F9 /* PBXContainerItemProxy */;
		};
/* End PBXTargetDependency section */

/* Begin PBXVariantGroup section */
		490A3FB925ED99060012F6F9 /* Main.storyboard */ = {
			isa = PBXVariantGroup;
			children = (
				490A3FBA25ED99060012F6F9 /* Base */,
			);
			name = Main.storyboard;
			sourceTree = "<group>";
		};
		490A3FBE25ED99080012F6F9 /* LaunchScreen.storyboard */ = {
			isa = PBXVariantGroup;
			children = (
				490A3FBF25ED99080012F6F9 /* Base */,
			);
			name = LaunchScreen.storyboard;
			sourceTree = "<group>";
		};
/* End PBXVariantGroup section */

/* Begin XCBuildConfiguration section */
		490A3FD825ED99090012F6F9 /* Debug */ = {
			isa = XCBuildConfiguration;
			buildSettings = {
				ALWAYS_SEARCH_USER_PATHS = NO;
				CLANG_ANALYZER_NONNULL = YES;
				CLANG_ANALYZER_NUMBER_OBJECT_CONVERSION = YES_AGGRESSIVE;
				CLANG_CXX_LANGUAGE_STANDARD = "gnu++14";
				CLANG_CXX_LIBRARY = "libc++";
				CLANG_ENABLE_MODULES = YES;
				CLANG_ENABLE_OBJC_ARC = YES;
				CLANG_ENABLE_OBJC_WEAK = YES;
				CLANG_WARN_BLOCK_CAPTURE_AUTORELEASING = YES;
				CLANG_WARN_BOOL_CONVERSION = YES;
				CLANG_WARN_COMMA = YES;
				CLANG_WARN_CONSTANT_CONVERSION = YES;
				CLANG_WARN_DEPRECATED_OBJC_IMPLEMENTATIONS = YES;
				CLANG_WARN_DIRECT_OBJC_ISA_USAGE = YES_ERROR;
				CLANG_WARN_DOCUMENTATION_COMMENTS = YES;
				CLANG_WARN_EMPTY_BODY = YES;
				CLANG_WARN_ENUM_CONVERSION = YES;
				CLANG_WARN_INFINITE_RECURSION = YES;
				CLANG_WARN_INT_CONVERSION = YES;
				CLANG_WARN_NON_LITERAL_NULL_CONVERSION = YES;
				CLANG_WARN_OBJC_IMPLICIT_RETAIN_SELF = YES;
				CLANG_WARN_OBJC_LITERAL_CONVERSION = YES;
				CLANG_WARN_OBJC_ROOT_CLASS = YES_ERROR;
				CLANG_WARN_RANGE_LOOP_ANALYSIS = YES;
				CLANG_WARN_STRICT_PROTOTYPES = YES;
				CLANG_WARN_SUSPICIOUS_MOVE = YES;
				CLANG_WARN_UNGUARDED_AVAILABILITY = YES_AGGRESSIVE;
				CLANG_WARN_UNREACHABLE_CODE = YES;
				CLANG_WARN__DUPLICATE_METHOD_MATCH = YES;
				COPY_PHASE_STRIP = NO;
				DEBUG_INFORMATION_FORMAT = dwarf;
				ENABLE_STRICT_OBJC_MSGSEND = YES;
				ENABLE_TESTABILITY = YES;
				GCC_C_LANGUAGE_STANDARD = gnu11;
				GCC_DYNAMIC_NO_PIC = NO;
				GCC_NO_COMMON_BLOCKS = YES;
				GCC_OPTIMIZATION_LEVEL = 0;
				GCC_PREPROCESSOR_DEFINITIONS = (
					"DEBUG=1",
					"$(inherited)",
				);
				GCC_WARN_64_TO_32_BIT_CONVERSION = YES;
				GCC_WARN_ABOUT_RETURN_TYPE = YES_ERROR;
				GCC_WARN_UNDECLARED_SELECTOR = YES;
				GCC_WARN_UNINITIALIZED_AUTOS = YES_AGGRESSIVE;
				GCC_WARN_UNUSED_FUNCTION = YES;
				GCC_WARN_UNUSED_VARIABLE = YES;
				IPHONEOS_DEPLOYMENT_TARGET = 13.6;
				MTL_ENABLE_DEBUG_INFO = INCLUDE_SOURCE;
				MTL_FAST_MATH = YES;
				ONLY_ACTIVE_ARCH = YES;
				SDKROOT = iphoneos;
				SWIFT_ACTIVE_COMPILATION_CONDITIONS = DEBUG;
				SWIFT_OPTIMIZATION_LEVEL = "-Onone";
			};
			name = Debug;
		};
		490A3FD925ED99090012F6F9 /* Release */ = {
			isa = XCBuildConfiguration;
			buildSettings = {
				ALWAYS_SEARCH_USER_PATHS = NO;
				CLANG_ANALYZER_NONNULL = YES;
				CLANG_ANALYZER_NUMBER_OBJECT_CONVERSION = YES_AGGRESSIVE;
				CLANG_CXX_LANGUAGE_STANDARD = "gnu++14";
				CLANG_CXX_LIBRARY = "libc++";
				CLANG_ENABLE_MODULES = YES;
				CLANG_ENABLE_OBJC_ARC = YES;
				CLANG_ENABLE_OBJC_WEAK = YES;
				CLANG_WARN_BLOCK_CAPTURE_AUTORELEASING = YES;
				CLANG_WARN_BOOL_CONVERSION = YES;
				CLANG_WARN_COMMA = YES;
				CLANG_WARN_CONSTANT_CONVERSION = YES;
				CLANG_WARN_DEPRECATED_OBJC_IMPLEMENTATIONS = YES;
				CLANG_WARN_DIRECT_OBJC_ISA_USAGE = YES_ERROR;
				CLANG_WARN_DOCUMENTATION_COMMENTS = YES;
				CLANG_WARN_EMPTY_BODY = YES;
				CLANG_WARN_ENUM_CONVERSION = YES;
				CLANG_WARN_INFINITE_RECURSION = YES;
				CLANG_WARN_INT_CONVERSION = YES;
				CLANG_WARN_NON_LITERAL_NULL_CONVERSION = YES;
				CLANG_WARN_OBJC_IMPLICIT_RETAIN_SELF = YES;
				CLANG_WARN_OBJC_LITERAL_CONVERSION = YES;
				CLANG_WARN_OBJC_ROOT_CLASS = YES_ERROR;
				CLANG_WARN_RANGE_LOOP_ANALYSIS = YES;
				CLANG_WARN_STRICT_PROTOTYPES = YES;
				CLANG_WARN_SUSPICIOUS_MOVE = YES;
				CLANG_WARN_UNGUARDED_AVAILABILITY = YES_AGGRESSIVE;
				CLANG_WARN_UNREACHABLE_CODE = YES;
				CLANG_WARN__DUPLICATE_METHOD_MATCH = YES;
				COPY_PHASE_STRIP = NO;
				DEBUG_INFORMATION_FORMAT = "dwarf-with-dsym";
				ENABLE_NS_ASSERTIONS = NO;
				ENABLE_STRICT_OBJC_MSGSEND = YES;
				GCC_C_LANGUAGE_STANDARD = gnu11;
				GCC_NO_COMMON_BLOCKS = YES;
				GCC_WARN_64_TO_32_BIT_CONVERSION = YES;
				GCC_WARN_ABOUT_RETURN_TYPE = YES_ERROR;
				GCC_WARN_UNDECLARED_SELECTOR = YES;
				GCC_WARN_UNINITIALIZED_AUTOS = YES_AGGRESSIVE;
				GCC_WARN_UNUSED_FUNCTION = YES;
				GCC_WARN_UNUSED_VARIABLE = YES;
				IPHONEOS_DEPLOYMENT_TARGET = 13.6;
				MTL_ENABLE_DEBUG_INFO = NO;
				MTL_FAST_MATH = YES;
				SDKROOT = iphoneos;
				SWIFT_COMPILATION_MODE = wholemodule;
				SWIFT_OPTIMIZATION_LEVEL = "-O";
				VALIDATE_PRODUCT = YES;
			};
			name = Release;
		};
		490A3FDB25ED99090012F6F9 /* Debug */ = {
			isa = XCBuildConfiguration;
			baseConfigurationReference = C8453935C8C04B2A94B3DB92 /* Pods-Parstagram.debug.xcconfig */;
			buildSettings = {
				ASSETCATALOG_COMPILER_APPICON_NAME = AppIcon;
				CODE_SIGN_STYLE = Automatic;
				INFOPLIST_FILE = Parstagram/Info.plist;
				LD_RUNPATH_SEARCH_PATHS = (
					"$(inherited)",
					"@executable_path/Frameworks",
				);
				PRODUCT_BUNDLE_IDENTIFIER = com.codepath.Parstagram;
				PRODUCT_NAME = "$(TARGET_NAME)";
				SWIFT_VERSION = 5.0;
				TARGETED_DEVICE_FAMILY = "1,2";
			};
			name = Debug;
		};
		490A3FDC25ED99090012F6F9 /* Release */ = {
			isa = XCBuildConfiguration;
			baseConfigurationReference = 892C867DD305B9465847DC5B /* Pods-Parstagram.release.xcconfig */;
			buildSettings = {
				ASSETCATALOG_COMPILER_APPICON_NAME = AppIcon;
				CODE_SIGN_STYLE = Automatic;
				INFOPLIST_FILE = Parstagram/Info.plist;
				LD_RUNPATH_SEARCH_PATHS = (
					"$(inherited)",
					"@executable_path/Frameworks",
				);
				PRODUCT_BUNDLE_IDENTIFIER = com.codepath.Parstagram;
				PRODUCT_NAME = "$(TARGET_NAME)";
				SWIFT_VERSION = 5.0;
				TARGETED_DEVICE_FAMILY = "1,2";
			};
			name = Release;
		};
		490A3FDE25ED99090012F6F9 /* Debug */ = {
			isa = XCBuildConfiguration;
			baseConfigurationReference = 09F9367FDFCF0EEA9C07AA1A /* Pods-ParstagramTests.debug.xcconfig */;
			buildSettings = {
				ALWAYS_EMBED_SWIFT_STANDARD_LIBRARIES = YES;
				BUNDLE_LOADER = "$(TEST_HOST)";
				CODE_SIGN_STYLE = Automatic;
				INFOPLIST_FILE = ParstagramTests/Info.plist;
				IPHONEOS_DEPLOYMENT_TARGET = 13.6;
				LD_RUNPATH_SEARCH_PATHS = (
					"$(inherited)",
					"@executable_path/Frameworks",
					"@loader_path/Frameworks",
				);
				PRODUCT_BUNDLE_IDENTIFIER = com.codepath.ParstagramTests;
				PRODUCT_NAME = "$(TARGET_NAME)";
				SWIFT_VERSION = 5.0;
				TARGETED_DEVICE_FAMILY = "1,2";
				TEST_HOST = "$(BUILT_PRODUCTS_DIR)/Parstagram.app/Parstagram";
			};
			name = Debug;
		};
		490A3FDF25ED99090012F6F9 /* Release */ = {
			isa = XCBuildConfiguration;
			baseConfigurationReference = B49DCB8EC9B1787331306262 /* Pods-ParstagramTests.release.xcconfig */;
			buildSettings = {
				ALWAYS_EMBED_SWIFT_STANDARD_LIBRARIES = YES;
				BUNDLE_LOADER = "$(TEST_HOST)";
				CODE_SIGN_STYLE = Automatic;
				INFOPLIST_FILE = ParstagramTests/Info.plist;
				IPHONEOS_DEPLOYMENT_TARGET = 13.6;
				LD_RUNPATH_SEARCH_PATHS = (
					"$(inherited)",
					"@executable_path/Frameworks",
					"@loader_path/Frameworks",
				);
				PRODUCT_BUNDLE_IDENTIFIER = com.codepath.ParstagramTests;
				PRODUCT_NAME = "$(TARGET_NAME)";
				SWIFT_VERSION = 5.0;
				TARGETED_DEVICE_FAMILY = "1,2";
				TEST_HOST = "$(BUILT_PRODUCTS_DIR)/Parstagram.app/Parstagram";
			};
			name = Release;
		};
		490A3FE125ED99090012F6F9 /* Debug */ = {
			isa = XCBuildConfiguration;
			baseConfigurationReference = 5441AD619B74D8756DD8576E /* Pods-Parstagram-ParstagramUITests.debug.xcconfig */;
			buildSettings = {
				ALWAYS_EMBED_SWIFT_STANDARD_LIBRARIES = YES;
				CODE_SIGN_STYLE = Automatic;
				INFOPLIST_FILE = ParstagramUITests/Info.plist;
				LD_RUNPATH_SEARCH_PATHS = (
					"$(inherited)",
					"@executable_path/Frameworks",
					"@loader_path/Frameworks",
				);
				PRODUCT_BUNDLE_IDENTIFIER = com.codepath.ParstagramUITests;
				PRODUCT_NAME = "$(TARGET_NAME)";
				SWIFT_VERSION = 5.0;
				TARGETED_DEVICE_FAMILY = "1,2";
				TEST_TARGET_NAME = Parstagram;
			};
			name = Debug;
		};
		490A3FE225ED99090012F6F9 /* Release */ = {
			isa = XCBuildConfiguration;
			baseConfigurationReference = 29DCD7258EDE0E6AEE212C31 /* Pods-Parstagram-ParstagramUITests.release.xcconfig */;
			buildSettings = {
				ALWAYS_EMBED_SWIFT_STANDARD_LIBRARIES = YES;
				CODE_SIGN_STYLE = Automatic;
				INFOPLIST_FILE = ParstagramUITests/Info.plist;
				LD_RUNPATH_SEARCH_PATHS = (
					"$(inherited)",
					"@executable_path/Frameworks",
					"@loader_path/Frameworks",
				);
				PRODUCT_BUNDLE_IDENTIFIER = com.codepath.ParstagramUITests;
				PRODUCT_NAME = "$(TARGET_NAME)";
				SWIFT_VERSION = 5.0;
				TARGETED_DEVICE_FAMILY = "1,2";
				TEST_TARGET_NAME = Parstagram;
			};
			name = Release;
		};
/* End XCBuildConfiguration section */

/* Begin XCConfigurationList section */
		490A3FAB25ED99060012F6F9 /* Build configuration list for PBXProject "Parstagram" */ = {
			isa = XCConfigurationList;
			buildConfigurations = (
				490A3FD825ED99090012F6F9 /* Debug */,
				490A3FD925ED99090012F6F9 /* Release */,
			);
			defaultConfigurationIsVisible = 0;
			defaultConfigurationName = Release;
		};
		490A3FDA25ED99090012F6F9 /* Build configuration list for PBXNativeTarget "Parstagram" */ = {
			isa = XCConfigurationList;
			buildConfigurations = (
				490A3FDB25ED99090012F6F9 /* Debug */,
				490A3FDC25ED99090012F6F9 /* Release */,
			);
			defaultConfigurationIsVisible = 0;
			defaultConfigurationName = Release;
		};
		490A3FDD25ED99090012F6F9 /* Build configuration list for PBXNativeTarget "ParstagramTests" */ = {
			isa = XCConfigurationList;
			buildConfigurations = (
				490A3FDE25ED99090012F6F9 /* Debug */,
				490A3FDF25ED99090012F6F9 /* Release */,
			);
			defaultConfigurationIsVisible = 0;
			defaultConfigurationName = Release;
		};
		490A3FE025ED99090012F6F9 /* Build configuration list for PBXNativeTarget "ParstagramUITests" */ = {
			isa = XCConfigurationList;
			buildConfigurations = (
				490A3FE125ED99090012F6F9 /* Debug */,
				490A3FE225ED99090012F6F9 /* Release */,
			);
			defaultConfigurationIsVisible = 0;
			defaultConfigurationName = Release;
		};
/* End XCConfigurationList section */
	};
	rootObject = 490A3FA825ED99060012F6F9 /* Project object */;
}
