// !$*UTF8*$!
{
	archiveVersion = 1;
	classes = {
	};
	objectVersion = 51;
	objects = {

/* Begin PBXBuildFile section */
		4973AABB25D1B99100C5E4F8 /* MovieDetailsViewController.swift in Sources */ = {isa = PBXBuildFile; fileRef = 4973AABA25D1B99100C5E4F8 /* MovieDetailsViewController.swift */; };
		4973AABD25D1D9E900C5E4F8 /* MovieGridViewController.swift in Sources */ = {isa = PBXBuildFile; fileRef = 4973AABC25D1D9E900C5E4F8 /* MovieGridViewController.swift */; };
		49D9674925C7B06100B0DC8E /* AppDelegate.swift in Sources */ = {isa = PBXBuildFile; fileRef = 49D9674825C7B06100B0DC8E /* AppDelegate.swift */; };
		49D9675025C7B06100B0DC8E /* Main.storyboard in Resources */ = {isa = PBXBuildFile; fileRef = 49D9674E25C7B06100B0DC8E /* Main.storyboard */; };
		49D9675225C7B06500B0DC8E /* Assets.xcassets in Resources */ = {isa = PBXBuildFile; fileRef = 49D9675125C7B06500B0DC8E /* Assets.xcassets */; };
		49D9675525C7B06500B0DC8E /* LaunchScreen.storyboard in Resources */ = {isa = PBXBuildFile; fileRef = 49D9675325C7B06500B0DC8E /* LaunchScreen.storyboard */; };
		49D9676025C7B06500B0DC8E /* flixsterTests.swift in Sources */ = {isa = PBXBuildFile; fileRef = 49D9675F25C7B06500B0DC8E /* flixsterTests.swift */; };
		49D9676B25C7B06500B0DC8E /* flixsterUITests.swift in Sources */ = {isa = PBXBuildFile; fileRef = 49D9676A25C7B06500B0DC8E /* flixsterUITests.swift */; };
		49D9677925C7B5B000B0DC8E /* MoviesViewController.swift in Sources */ = {isa = PBXBuildFile; fileRef = 49D9677825C7B5B000B0DC8E /* MoviesViewController.swift */; };
		49D9677B25C7BFE300B0DC8E /* SceneDelegate.swift in Sources */ = {isa = PBXBuildFile; fileRef = 49D9677A25C7BFE300B0DC8E /* SceneDelegate.swift */; };
		49D9677D25C7CCE800B0DC8E /* MovieCell.swift in Sources */ = {isa = PBXBuildFile; fileRef = 49D9677C25C7CCE800B0DC8E /* MovieCell.swift */; };
		527E6E4408D8465C280F40F5 /* Pods_flixster_flixsterUITests.framework in Frameworks */ = {isa = PBXBuildFile; fileRef = 75C004BDD6D642CBE3E6F3FE /* Pods_flixster_flixsterUITests.framework */; };
		73C21E9479760C6FC2156888 /* Pods_flixster.framework in Frameworks */ = {isa = PBXBuildFile; fileRef = 535E0C21EC61E88589F19DAD /* Pods_flixster.framework */; };
		8A4549F2A67C79E81C32127A /* Pods_flixsterTests.framework in Frameworks */ = {isa = PBXBuildFile; fileRef = 519AE010DB7B19017A23E9D6 /* Pods_flixsterTests.framework */; };
/* End PBXBuildFile section */

/* Begin PBXContainerItemProxy section */
		49D9675C25C7B06500B0DC8E /* PBXContainerItemProxy */ = {
			isa = PBXContainerItemProxy;
			containerPortal = 49D9673D25C7B06100B0DC8E /* Project object */;
			proxyType = 1;
			remoteGlobalIDString = 49D9674425C7B06100B0DC8E;
			remoteInfo = flixster;
		};
		49D9676725C7B06500B0DC8E /* PBXContainerItemProxy */ = {
			isa = PBXContainerItemProxy;
			containerPortal = 49D9673D25C7B06100B0DC8E /* Project object */;
			proxyType = 1;
			remoteGlobalIDString = 49D9674425C7B06100B0DC8E;
			remoteInfo = flixster;
		};
/* End PBXContainerItemProxy section */

/* Begin PBXFileReference section */
		4973AABA25D1B99100C5E4F8 /* MovieDetailsViewController.swift */ = {isa = PBXFileReference; lastKnownFileType = sourcecode.swift; path = MovieDetailsViewController.swift; sourceTree = "<group>"; };
		4973AABC25D1D9E900C5E4F8 /* MovieGridViewController.swift */ = {isa = PBXFileReference; lastKnownFileType = sourcecode.swift; path = MovieGridViewController.swift; sourceTree = "<group>"; };
		49D9674525C7B06100B0DC8E /* flixster.app */ = {isa = PBXFileReference; explicitFileType = wrapper.application; includeInIndex = 0; path = flixster.app; sourceTree = BUILT_PRODUCTS_DIR; };
		49D9674825C7B06100B0DC8E /* AppDelegate.swift */ = {isa = PBXFileReference; lastKnownFileType = sourcecode.swift; path = AppDelegate.swift; sourceTree = "<group>"; };
		49D9674F25C7B06100B0DC8E /* Base */ = {isa = PBXFileReference; lastKnownFileType = file.storyboard; name = Base; path = Base.lproj/Main.storyboard; sourceTree = "<group>"; };
		49D9675125C7B06500B0DC8E /* Assets.xcassets */ = {isa = PBXFileReference; lastKnownFileType = folder.assetcatalog; path = Assets.xcassets; sourceTree = "<group>"; };
		49D9675425C7B06500B0DC8E /* Base */ = {isa = PBXFileReference; lastKnownFileType = file.storyboard; name = Base; path = Base.lproj/LaunchScreen.storyboard; sourceTree = "<group>"; };
		49D9675625C7B06500B0DC8E /* Info.plist */ = {isa = PBXFileReference; lastKnownFileType = text.plist.xml; path = Info.plist; sourceTree = "<group>"; };
		49D9675B25C7B06500B0DC8E /* flixsterTests.xctest */ = {isa = PBXFileReference; explicitFileType = wrapper.cfbundle; includeInIndex = 0; path = flixsterTests.xctest; sourceTree = BUILT_PRODUCTS_DIR; };
		49D9675F25C7B06500B0DC8E /* flixsterTests.swift */ = {isa = PBXFileReference; lastKnownFileType = sourcecode.swift; path = flixsterTests.swift; sourceTree = "<group>"; };
		49D9676125C7B06500B0DC8E /* Info.plist */ = {isa = PBXFileReference; lastKnownFileType = text.plist.xml; path = Info.plist; sourceTree = "<group>"; };
		49D9676625C7B06500B0DC8E /* flixsterUITests.xctest */ = {isa = PBXFileReference; explicitFileType = wrapper.cfbundle; includeInIndex = 0; path = flixsterUITests.xctest; sourceTree = BUILT_PRODUCTS_DIR; };
		49D9676A25C7B06500B0DC8E /* flixsterUITests.swift */ = {isa = PBXFileReference; lastKnownFileType = sourcecode.swift; path = flixsterUITests.swift; sourceTree = "<group>"; };
		49D9676C25C7B06500B0DC8E /* Info.plist */ = {isa = PBXFileReference; lastKnownFileType = text.plist.xml; path = Info.plist; sourceTree = "<group>"; };
		49D9677825C7B5B000B0DC8E /* MoviesViewController.swift */ = {isa = PBXFileReference; lastKnownFileType = sourcecode.swift; path = MoviesViewController.swift; sourceTree = "<group>"; };
		49D9677A25C7BFE300B0DC8E /* SceneDelegate.swift */ = {isa = PBXFileReference; lastKnownFileType = sourcecode.swift; path = SceneDelegate.swift; sourceTree = "<group>"; };
		49D9677C25C7CCE800B0DC8E /* MovieCell.swift */ = {isa = PBXFileReference; lastKnownFileType = sourcecode.swift; path = MovieCell.swift; sourceTree = "<group>"; };
		519AE010DB7B19017A23E9D6 /* Pods_flixsterTests.framework */ = {isa = PBXFileReference; explicitFileType = wrapper.framework; includeInIndex = 0; path = Pods_flixsterTests.framework; sourceTree = BUILT_PRODUCTS_DIR; };
		535E0C21EC61E88589F19DAD /* Pods_flixster.framework */ = {isa = PBXFileReference; explicitFileType = wrapper.framework; includeInIndex = 0; path = Pods_flixster.framework; sourceTree = BUILT_PRODUCTS_DIR; };
		5BB12DE3F2F58E3ED6D8BAF7 /* Pods-flixster.debug.xcconfig */ = {isa = PBXFileReference; includeInIndex = 1; lastKnownFileType = text.xcconfig; name = "Pods-flixster.debug.xcconfig"; path = "Target Support Files/Pods-flixster/Pods-flixster.debug.xcconfig"; sourceTree = "<group>"; };
		60637B67D48BCD68B49A642B /* Pods-flixsterTests.debug.xcconfig */ = {isa = PBXFileReference; includeInIndex = 1; lastKnownFileType = text.xcconfig; name = "Pods-flixsterTests.debug.xcconfig"; path = "Target Support Files/Pods-flixsterTests/Pods-flixsterTests.debug.xcconfig"; sourceTree = "<group>"; };
		75C004BDD6D642CBE3E6F3FE /* Pods_flixster_flixsterUITests.framework */ = {isa = PBXFileReference; explicitFileType = wrapper.framework; includeInIndex = 0; path = Pods_flixster_flixsterUITests.framework; sourceTree = BUILT_PRODUCTS_DIR; };
		780826FE57B7C8BBDF478758 /* Pods-flixsterTests.release.xcconfig */ = {isa = PBXFileReference; includeInIndex = 1; lastKnownFileType = text.xcconfig; name = "Pods-flixsterTests.release.xcconfig"; path = "Target Support Files/Pods-flixsterTests/Pods-flixsterTests.release.xcconfig"; sourceTree = "<group>"; };
		962B7C33D772A1FF71ECB473 /* Pods-flixster-flixsterUITests.release.xcconfig */ = {isa = PBXFileReference; includeInIndex = 1; lastKnownFileType = text.xcconfig; name = "Pods-flixster-flixsterUITests.release.xcconfig"; path = "Target Support Files/Pods-flixster-flixsterUITests/Pods-flixster-flixsterUITests.release.xcconfig"; sourceTree = "<group>"; };
		AFFECD7BB31D3073E157165A /* Pods-flixster.release.xcconfig */ = {isa = PBXFileReference; includeInIndex = 1; lastKnownFileType = text.xcconfig; name = "Pods-flixster.release.xcconfig"; path = "Target Support Files/Pods-flixster/Pods-flixster.release.xcconfig"; sourceTree = "<group>"; };
		D681C28D1DA51E974DE5EDC6 /* Pods-flixster-flixsterUITests.debug.xcconfig */ = {isa = PBXFileReference; includeInIndex = 1; lastKnownFileType = text.xcconfig; name = "Pods-flixster-flixsterUITests.debug.xcconfig"; path = "Target Support Files/Pods-flixster-flixsterUITests/Pods-flixster-flixsterUITests.debug.xcconfig"; sourceTree = "<group>"; };
/* End PBXFileReference section */

/* Begin PBXFrameworksBuildPhase section */
		49D9674225C7B06100B0DC8E /* Frameworks */ = {
			isa = PBXFrameworksBuildPhase;
			buildActionMask = 2147483647;
			files = (
				73C21E9479760C6FC2156888 /* Pods_flixster.framework in Frameworks */,
			);
			runOnlyForDeploymentPostprocessing = 0;
		};
		49D9675825C7B06500B0DC8E /* Frameworks */ = {
			isa = PBXFrameworksBuildPhase;
			buildActionMask = 2147483647;
			files = (
				8A4549F2A67C79E81C32127A /* Pods_flixsterTests.framework in Frameworks */,
			);
			runOnlyForDeploymentPostprocessing = 0;
		};
		49D9676325C7B06500B0DC8E /* Frameworks */ = {
			isa = PBXFrameworksBuildPhase;
			buildActionMask = 2147483647;
			files = (
				527E6E4408D8465C280F40F5 /* Pods_flixster_flixsterUITests.framework in Frameworks */,
			);
			runOnlyForDeploymentPostprocessing = 0;
		};
/* End PBXFrameworksBuildPhase section */

/* Begin PBXGroup section */
		49D9673C25C7B06100B0DC8E = {
			isa = PBXGroup;
			children = (
				49D9674725C7B06100B0DC8E /* flixster */,
				49D9675E25C7B06500B0DC8E /* flixsterTests */,
				49D9676925C7B06500B0DC8E /* flixsterUITests */,
				49D9674625C7B06100B0DC8E /* Products */,
				822252C2CA3C20AC1ADEA097 /* Pods */,
				87ED5FB29FB9BF447877DBC5 /* Frameworks */,
			);
			sourceTree = "<group>";
		};
		49D9674625C7B06100B0DC8E /* Products */ = {
			isa = PBXGroup;
			children = (
				49D9674525C7B06100B0DC8E /* flixster.app */,
				49D9675B25C7B06500B0DC8E /* flixsterTests.xctest */,
				49D9676625C7B06500B0DC8E /* flixsterUITests.xctest */,
			);
			name = Products;
			sourceTree = "<group>";
		};
		49D9674725C7B06100B0DC8E /* flixster */ = {
			isa = PBXGroup;
			children = (
				49D9674825C7B06100B0DC8E /* AppDelegate.swift */,
				49D9677A25C7BFE300B0DC8E /* SceneDelegate.swift */,
				49D9674E25C7B06100B0DC8E /* Main.storyboard */,
				4973AABC25D1D9E900C5E4F8 /* MovieGridViewController.swift */,
				4973AABA25D1B99100C5E4F8 /* MovieDetailsViewController.swift */,
				49D9677C25C7CCE800B0DC8E /* MovieCell.swift */,
				49D9675125C7B06500B0DC8E /* Assets.xcassets */,
				49D9675325C7B06500B0DC8E /* LaunchScreen.storyboard */,
				49D9675625C7B06500B0DC8E /* Info.plist */,
				49D9677825C7B5B000B0DC8E /* MoviesViewController.swift */,
			);
			path = flixster;
			sourceTree = "<group>";
		};
		49D9675E25C7B06500B0DC8E /* flixsterTests */ = {
			isa = PBXGroup;
			children = (
				49D9675F25C7B06500B0DC8E /* flixsterTests.swift */,
				49D9676125C7B06500B0DC8E /* Info.plist */,
			);
			path = flixsterTests;
			sourceTree = "<group>";
		};
		49D9676925C7B06500B0DC8E /* flixsterUITests */ = {
			isa = PBXGroup;
			children = (
				49D9676A25C7B06500B0DC8E /* flixsterUITests.swift */,
				49D9676C25C7B06500B0DC8E /* Info.plist */,
			);
			path = flixsterUITests;
			sourceTree = "<group>";
		};
		822252C2CA3C20AC1ADEA097 /* Pods */ = {
			isa = PBXGroup;
			children = (
				5BB12DE3F2F58E3ED6D8BAF7 /* Pods-flixster.debug.xcconfig */,
				AFFECD7BB31D3073E157165A /* Pods-flixster.release.xcconfig */,
				D681C28D1DA51E974DE5EDC6 /* Pods-flixster-flixsterUITests.debug.xcconfig */,
				962B7C33D772A1FF71ECB473 /* Pods-flixster-flixsterUITests.release.xcconfig */,
				60637B67D48BCD68B49A642B /* Pods-flixsterTests.debug.xcconfig */,
				780826FE57B7C8BBDF478758 /* Pods-flixsterTests.release.xcconfig */,
			);
			path = Pods;
			sourceTree = "<group>";
		};
		87ED5FB29FB9BF447877DBC5 /* Frameworks */ = {
			isa = PBXGroup;
			children = (
				535E0C21EC61E88589F19DAD /* Pods_flixster.framework */,
				75C004BDD6D642CBE3E6F3FE /* Pods_flixster_flixsterUITests.framework */,
				519AE010DB7B19017A23E9D6 /* Pods_flixsterTests.framework */,
			);
			name = Frameworks;
			sourceTree = "<group>";
		};
/* End PBXGroup section */

/* Begin PBXNativeTarget section */
		49D9674425C7B06100B0DC8E /* flixster */ = {
			isa = PBXNativeTarget;
			buildConfigurationList = 49D9676F25C7B06500B0DC8E /* Build configuration list for PBXNativeTarget "flixster" */;
			buildPhases = (
				B66B398099DE2F70852A05A3 /* [CP] Check Pods Manifest.lock */,
				49D9674125C7B06100B0DC8E /* Sources */,
				49D9674225C7B06100B0DC8E /* Frameworks */,
				49D9674325C7B06100B0DC8E /* Resources */,
				79435E284325A5DE1999C627 /* [CP] Embed Pods Frameworks */,
			);
			buildRules = (
			);
			dependencies = (
			);
			name = flixster;
			productName = flixster;
			productReference = 49D9674525C7B06100B0DC8E /* flixster.app */;
			productType = "com.apple.product-type.application";
		};
		49D9675A25C7B06500B0DC8E /* flixsterTests */ = {
			isa = PBXNativeTarget;
			buildConfigurationList = 49D9677225C7B06500B0DC8E /* Build configuration list for PBXNativeTarget "flixsterTests" */;
			buildPhases = (
				9B97320662D2D64ACEC3C4BD /* [CP] Check Pods Manifest.lock */,
				49D9675725C7B06500B0DC8E /* Sources */,
				49D9675825C7B06500B0DC8E /* Frameworks */,
				49D9675925C7B06500B0DC8E /* Resources */,
			);
			buildRules = (
			);
			dependencies = (
				49D9675D25C7B06500B0DC8E /* PBXTargetDependency */,
			);
			name = flixsterTests;
			productName = flixsterTests;
			productReference = 49D9675B25C7B06500B0DC8E /* flixsterTests.xctest */;
			productType = "com.apple.product-type.bundle.unit-test";
		};
		49D9676525C7B06500B0DC8E /* flixsterUITests */ = {
			isa = PBXNativeTarget;
			buildConfigurationList = 49D9677525C7B06500B0DC8E /* Build configuration list for PBXNativeTarget "flixsterUITests" */;
			buildPhases = (
				361A1D55D013C222068F4123 /* [CP] Check Pods Manifest.lock */,
				49D9676225C7B06500B0DC8E /* Sources */,
				49D9676325C7B06500B0DC8E /* Frameworks */,
				49D9676425C7B06500B0DC8E /* Resources */,
				5017D930A4C74F1A2A9D7F96 /* [CP] Embed Pods Frameworks */,
			);
			buildRules = (
			);
			dependencies = (
				49D9676825C7B06500B0DC8E /* PBXTargetDependency */,
			);
			name = flixsterUITests;
			productName = flixsterUITests;
			productReference = 49D9676625C7B06500B0DC8E /* flixsterUITests.xctest */;
			productType = "com.apple.product-type.bundle.ui-testing";
		};
/* End PBXNativeTarget section */

/* Begin PBXProject section */
		49D9673D25C7B06100B0DC8E /* Project object */ = {
			isa = PBXProject;
			attributes = {
				LastSwiftUpdateCheck = 1160;
				LastUpgradeCheck = 1160;
				ORGANIZATIONNAME = codepath;
				TargetAttributes = {
					49D9674425C7B06100B0DC8E = {
						CreatedOnToolsVersion = 11.6;
					};
					49D9675A25C7B06500B0DC8E = {
						CreatedOnToolsVersion = 11.6;
						TestTargetID = 49D9674425C7B06100B0DC8E;
					};
					49D9676525C7B06500B0DC8E = {
						CreatedOnToolsVersion = 11.6;
						TestTargetID = 49D9674425C7B06100B0DC8E;
					};
				};
			};
			buildConfigurationList = 49D9674025C7B06100B0DC8E /* Build configuration list for PBXProject "flixster" */;
			compatibilityVersion = "Xcode 9.3";
			developmentRegion = en;
			hasScannedForEncodings = 0;
			knownRegions = (
				en,
				Base,
			);
			mainGroup = 49D9673C25C7B06100B0DC8E;
			productRefGroup = 49D9674625C7B06100B0DC8E /* Products */;
			projectDirPath = "";
			projectRoot = "";
			targets = (
				49D9674425C7B06100B0DC8E /* flixster */,
				49D9675A25C7B06500B0DC8E /* flixsterTests */,
				49D9676525C7B06500B0DC8E /* flixsterUITests */,
			);
		};
/* End PBXProject section */

/* Begin PBXResourcesBuildPhase section */
		49D9674325C7B06100B0DC8E /* Resources */ = {
			isa = PBXResourcesBuildPhase;
			buildActionMask = 2147483647;
			files = (
				49D9675525C7B06500B0DC8E /* LaunchScreen.storyboard in Resources */,
				49D9675225C7B06500B0DC8E /* Assets.xcassets in Resources */,
				49D9675025C7B06100B0DC8E /* Main.storyboard in Resources */,
			);
			runOnlyForDeploymentPostprocessing = 0;
		};
		49D9675925C7B06500B0DC8E /* Resources */ = {
			isa = PBXResourcesBuildPhase;
			buildActionMask = 2147483647;
			files = (
			);
			runOnlyForDeploymentPostprocessing = 0;
		};
		49D9676425C7B06500B0DC8E /* Resources */ = {
			isa = PBXResourcesBuildPhase;
			buildActionMask = 2147483647;
			files = (
			);
			runOnlyForDeploymentPostprocessing = 0;
		};
/* End PBXResourcesBuildPhase section */

/* Begin PBXShellScriptBuildPhase section */
		361A1D55D013C222068F4123 /* [CP] Check Pods Manifest.lock */ = {
			isa = PBXShellScriptBuildPhase;
			buildActionMask = 2147483647;
			files = (
			);
			inputFileListPaths = (
			);
			inputPaths = (
				"${PODS_PODFILE_DIR_PATH}/Podfile.lock",
				"${PODS_ROOT}/Manifest.lock",
			);
			name = "[CP] Check Pods Manifest.lock";
			outputFileListPaths = (
			);
			outputPaths = (
				"$(DERIVED_FILE_DIR)/Pods-flixster-flixsterUITests-checkManifestLockResult.txt",
			);
			runOnlyForDeploymentPostprocessing = 0;
			shellPath = /bin/sh;
			shellScript = "diff \"${PODS_PODFILE_DIR_PATH}/Podfile.lock\" \"${PODS_ROOT}/Manifest.lock\" > /dev/null\nif [ $? != 0 ] ; then\n    # print error to STDERR\n    echo \"error: The sandbox is not in sync with the Podfile.lock. Run 'pod install' or update your CocoaPods installation.\" >&2\n    exit 1\nfi\n# This output is used by Xcode 'outputs' to avoid re-running this script phase.\necho \"SUCCESS\" > \"${SCRIPT_OUTPUT_FILE_0}\"\n";
			showEnvVarsInLog = 0;
		};
		5017D930A4C74F1A2A9D7F96 /* [CP] Embed Pods Frameworks */ = {
			isa = PBXShellScriptBuildPhase;
			buildActionMask = 2147483647;
			files = (
			);
			inputFileListPaths = (
				"${PODS_ROOT}/Target Support Files/Pods-flixster-flixsterUITests/Pods-flixster-flixsterUITests-frameworks-${CONFIGURATION}-input-files.xcfilelist",
			);
			name = "[CP] Embed Pods Frameworks";
			outputFileListPaths = (
				"${PODS_ROOT}/Target Support Files/Pods-flixster-flixsterUITests/Pods-flixster-flixsterUITests-frameworks-${CONFIGURATION}-output-files.xcfilelist",
			);
			runOnlyForDeploymentPostprocessing = 0;
			shellPath = /bin/sh;
			shellScript = "\"${PODS_ROOT}/Target Support Files/Pods-flixster-flixsterUITests/Pods-flixster-flixsterUITests-frameworks.sh\"\n";
			showEnvVarsInLog = 0;
		};
		79435E284325A5DE1999C627 /* [CP] Embed Pods Frameworks */ = {
			isa = PBXShellScriptBuildPhase;
			buildActionMask = 2147483647;
			files = (
			);
			inputFileListPaths = (
				"${PODS_ROOT}/Target Support Files/Pods-flixster/Pods-flixster-frameworks-${CONFIGURATION}-input-files.xcfilelist",
			);
			name = "[CP] Embed Pods Frameworks";
			outputFileListPaths = (
				"${PODS_ROOT}/Target Support Files/Pods-flixster/Pods-flixster-frameworks-${CONFIGURATION}-output-files.xcfilelist",
			);
			runOnlyForDeploymentPostprocessing = 0;
			shellPath = /bin/sh;
			shellScript = "\"${PODS_ROOT}/Target Support Files/Pods-flixster/Pods-flixster-frameworks.sh\"\n";
			showEnvVarsInLog = 0;
		};
		9B97320662D2D64ACEC3C4BD /* [CP] Check Pods Manifest.lock */ = {
			isa = PBXShellScriptBuildPhase;
			buildActionMask = 2147483647;
			files = (
			);
			inputFileListPaths = (
			);
			inputPaths = (
				"${PODS_PODFILE_DIR_PATH}/Podfile.lock",
				"${PODS_ROOT}/Manifest.lock",
			);
			name = "[CP] Check Pods Manifest.lock";
			outputFileListPaths = (
			);
			outputPaths = (
				"$(DERIVED_FILE_DIR)/Pods-flixsterTests-checkManifestLockResult.txt",
			);
			runOnlyForDeploymentPostprocessing = 0;
			shellPath = /bin/sh;
			shellScript = "diff \"${PODS_PODFILE_DIR_PATH}/Podfile.lock\" \"${PODS_ROOT}/Manifest.lock\" > /dev/null\nif [ $? != 0 ] ; then\n    # print error to STDERR\n    echo \"error: The sandbox is not in sync with the Podfile.lock. Run 'pod install' or update your CocoaPods installation.\" >&2\n    exit 1\nfi\n# This output is used by Xcode 'outputs' to avoid re-running this script phase.\necho \"SUCCESS\" > \"${SCRIPT_OUTPUT_FILE_0}\"\n";
			showEnvVarsInLog = 0;
		};
		B66B398099DE2F70852A05A3 /* [CP] Check Pods Manifest.lock */ = {
			isa = PBXShellScriptBuildPhase;
			buildActionMask = 2147483647;
			files = (
			);
			inputFileListPaths = (
			);
			inputPaths = (
				"${PODS_PODFILE_DIR_PATH}/Podfile.lock",
				"${PODS_ROOT}/Manifest.lock",
			);
			name = "[CP] Check Pods Manifest.lock";
			outputFileListPaths = (
			);
			outputPaths = (
				"$(DERIVED_FILE_DIR)/Pods-flixster-checkManifestLockResult.txt",
			);
			runOnlyForDeploymentPostprocessing = 0;
			shellPath = /bin/sh;
			shellScript = "diff \"${PODS_PODFILE_DIR_PATH}/Podfile.lock\" \"${PODS_ROOT}/Manifest.lock\" > /dev/null\nif [ $? != 0 ] ; then\n    # print error to STDERR\n    echo \"error: The sandbox is not in sync with the Podfile.lock. Run 'pod install' or update your CocoaPods installation.\" >&2\n    exit 1\nfi\n# This output is used by Xcode 'outputs' to avoid re-running this script phase.\necho \"SUCCESS\" > \"${SCRIPT_OUTPUT_FILE_0}\"\n";
			showEnvVarsInLog = 0;
		};
/* End PBXShellScriptBuildPhase section */

/* Begin PBXSourcesBuildPhase section */
		49D9674125C7B06100B0DC8E /* Sources */ = {
			isa = PBXSourcesBuildPhase;
			buildActionMask = 2147483647;
			files = (
				4973AABB25D1B99100C5E4F8 /* MovieDetailsViewController.swift in Sources */,
				49D9674925C7B06100B0DC8E /* AppDelegate.swift in Sources */,
				49D9677925C7B5B000B0DC8E /* MoviesViewController.swift in Sources */,
				49D9677D25C7CCE800B0DC8E /* MovieCell.swift in Sources */,
				49D9677B25C7BFE300B0DC8E /* SceneDelegate.swift in Sources */,
				4973AABD25D1D9E900C5E4F8 /* MovieGridViewController.swift in Sources */,
			);
			runOnlyForDeploymentPostprocessing = 0;
		};
		49D9675725C7B06500B0DC8E /* Sources */ = {
			isa = PBXSourcesBuildPhase;
			buildActionMask = 2147483647;
			files = (
				49D9676025C7B06500B0DC8E /* flixsterTests.swift in Sources */,
			);
			runOnlyForDeploymentPostprocessing = 0;
		};
		49D9676225C7B06500B0DC8E /* Sources */ = {
			isa = PBXSourcesBuildPhase;
			buildActionMask = 2147483647;
			files = (
				49D9676B25C7B06500B0DC8E /* flixsterUITests.swift in Sources */,
			);
			runOnlyForDeploymentPostprocessing = 0;
		};
/* End PBXSourcesBuildPhase section */

/* Begin PBXTargetDependency section */
		49D9675D25C7B06500B0DC8E /* PBXTargetDependency */ = {
			isa = PBXTargetDependency;
			target = 49D9674425C7B06100B0DC8E /* flixster */;
			targetProxy = 49D9675C25C7B06500B0DC8E /* PBXContainerItemProxy */;
		};
		49D9676825C7B06500B0DC8E /* PBXTargetDependency */ = {
			isa = PBXTargetDependency;
			target = 49D9674425C7B06100B0DC8E /* flixster */;
			targetProxy = 49D9676725C7B06500B0DC8E /* PBXContainerItemProxy */;
		};
/* End PBXTargetDependency section */

/* Begin PBXVariantGroup section */
		49D9674E25C7B06100B0DC8E /* Main.storyboard */ = {
			isa = PBXVariantGroup;
			children = (
				49D9674F25C7B06100B0DC8E /* Base */,
			);
			name = Main.storyboard;
			sourceTree = "<group>";
		};
		49D9675325C7B06500B0DC8E /* LaunchScreen.storyboard */ = {
			isa = PBXVariantGroup;
			children = (
				49D9675425C7B06500B0DC8E /* Base */,
			);
			name = LaunchScreen.storyboard;
			sourceTree = "<group>";
		};
/* End PBXVariantGroup section */

/* Begin XCBuildConfiguration section */
		49D9676D25C7B06500B0DC8E /* Debug */ = {
			isa = XCBuildConfiguration;
			buildSettings = {
				ALWAYS_SEARCH_USER_PATHS = NO;
				CLANG_ANALYZER_NONNULL = YES;
				CLANG_ANALYZER_NUMBER_OBJECT_CONVERSION = YES_AGGRESSIVE;
				CLANG_CXX_LANGUAGE_STANDARD = "gnu++14";
				CLANG_CXX_LIBRARY = "libc++";
				CLANG_ENABLE_MODULES = YES;
				CLANG_ENABLE_OBJC_ARC = YES;
				CLANG_ENABLE_OBJC_WEAK = YES;
				CLANG_WARN_BLOCK_CAPTURE_AUTORELEASING = YES;
				CLANG_WARN_BOOL_CONVERSION = YES;
				CLANG_WARN_COMMA = YES;
				CLANG_WARN_CONSTANT_CONVERSION = YES;
				CLANG_WARN_DEPRECATED_OBJC_IMPLEMENTATIONS = YES;
				CLANG_WARN_DIRECT_OBJC_ISA_USAGE = YES_ERROR;
				CLANG_WARN_DOCUMENTATION_COMMENTS = YES;
				CLANG_WARN_EMPTY_BODY = YES;
				CLANG_WARN_ENUM_CONVERSION = YES;
				CLANG_WARN_INFINITE_RECURSION = YES;
				CLANG_WARN_INT_CONVERSION = YES;
				CLANG_WARN_NON_LITERAL_NULL_CONVERSION = YES;
				CLANG_WARN_OBJC_IMPLICIT_RETAIN_SELF = YES;
				CLANG_WARN_OBJC_LITERAL_CONVERSION = YES;
				CLANG_WARN_OBJC_ROOT_CLASS = YES_ERROR;
				CLANG_WARN_RANGE_LOOP_ANALYSIS = YES;
				CLANG_WARN_STRICT_PROTOTYPES = YES;
				CLANG_WARN_SUSPICIOUS_MOVE = YES;
				CLANG_WARN_UNGUARDED_AVAILABILITY = YES_AGGRESSIVE;
				CLANG_WARN_UNREACHABLE_CODE = YES;
				CLANG_WARN__DUPLICATE_METHOD_MATCH = YES;
				COPY_PHASE_STRIP = NO;
				DEBUG_INFORMATION_FORMAT = dwarf;
				ENABLE_STRICT_OBJC_MSGSEND = YES;
				ENABLE_TESTABILITY = YES;
				GCC_C_LANGUAGE_STANDARD = gnu11;
				GCC_DYNAMIC_NO_PIC = NO;
				GCC_NO_COMMON_BLOCKS = YES;
				GCC_OPTIMIZATION_LEVEL = 0;
				GCC_PREPROCESSOR_DEFINITIONS = (
					"DEBUG=1",
					"$(inherited)",
				);
				GCC_WARN_64_TO_32_BIT_CONVERSION = YES;
				GCC_WARN_ABOUT_RETURN_TYPE = YES_ERROR;
				GCC_WARN_UNDECLARED_SELECTOR = YES;
				GCC_WARN_UNINITIALIZED_AUTOS = YES_AGGRESSIVE;
				GCC_WARN_UNUSED_FUNCTION = YES;
				GCC_WARN_UNUSED_VARIABLE = YES;
				IPHONEOS_DEPLOYMENT_TARGET = 13.6;
				MTL_ENABLE_DEBUG_INFO = INCLUDE_SOURCE;
				MTL_FAST_MATH = YES;
				ONLY_ACTIVE_ARCH = YES;
				SDKROOT = iphoneos;
				SWIFT_ACTIVE_COMPILATION_CONDITIONS = DEBUG;
				SWIFT_OPTIMIZATION_LEVEL = "-Onone";
			};
			name = Debug;
		};
		49D9676E25C7B06500B0DC8E /* Release */ = {
			isa = XCBuildConfiguration;
			buildSettings = {
				ALWAYS_SEARCH_USER_PATHS = NO;
				CLANG_ANALYZER_NONNULL = YES;
				CLANG_ANALYZER_NUMBER_OBJECT_CONVERSION = YES_AGGRESSIVE;
				CLANG_CXX_LANGUAGE_STANDARD = "gnu++14";
				CLANG_CXX_LIBRARY = "libc++";
				CLANG_ENABLE_MODULES = YES;
				CLANG_ENABLE_OBJC_ARC = YES;
				CLANG_ENABLE_OBJC_WEAK = YES;
				CLANG_WARN_BLOCK_CAPTURE_AUTORELEASING = YES;
				CLANG_WARN_BOOL_CONVERSION = YES;
				CLANG_WARN_COMMA = YES;
				CLANG_WARN_CONSTANT_CONVERSION = YES;
				CLANG_WARN_DEPRECATED_OBJC_IMPLEMENTATIONS = YES;
				CLANG_WARN_DIRECT_OBJC_ISA_USAGE = YES_ERROR;
				CLANG_WARN_DOCUMENTATION_COMMENTS = YES;
				CLANG_WARN_EMPTY_BODY = YES;
				CLANG_WARN_ENUM_CONVERSION = YES;
				CLANG_WARN_INFINITE_RECURSION = YES;
				CLANG_WARN_INT_CONVERSION = YES;
				CLANG_WARN_NON_LITERAL_NULL_CONVERSION = YES;
				CLANG_WARN_OBJC_IMPLICIT_RETAIN_SELF = YES;
				CLANG_WARN_OBJC_LITERAL_CONVERSION = YES;
				CLANG_WARN_OBJC_ROOT_CLASS = YES_ERROR;
				CLANG_WARN_RANGE_LOOP_ANALYSIS = YES;
				CLANG_WARN_STRICT_PROTOTYPES = YES;
				CLANG_WARN_SUSPICIOUS_MOVE = YES;
				CLANG_WARN_UNGUARDED_AVAILABILITY = YES_AGGRESSIVE;
				CLANG_WARN_UNREACHABLE_CODE = YES;
				CLANG_WARN__DUPLICATE_METHOD_MATCH = YES;
				COPY_PHASE_STRIP = NO;
				DEBUG_INFORMATION_FORMAT = "dwarf-with-dsym";
				ENABLE_NS_ASSERTIONS = NO;
				ENABLE_STRICT_OBJC_MSGSEND = YES;
				GCC_C_LANGUAGE_STANDARD = gnu11;
				GCC_NO_COMMON_BLOCKS = YES;
				GCC_WARN_64_TO_32_BIT_CONVERSION = YES;
				GCC_WARN_ABOUT_RETURN_TYPE = YES_ERROR;
				GCC_WARN_UNDECLARED_SELECTOR = YES;
				GCC_WARN_UNINITIALIZED_AUTOS = YES_AGGRESSIVE;
				GCC_WARN_UNUSED_FUNCTION = YES;
				GCC_WARN_UNUSED_VARIABLE = YES;
				IPHONEOS_DEPLOYMENT_TARGET = 13.6;
				MTL_ENABLE_DEBUG_INFO = NO;
				MTL_FAST_MATH = YES;
				SDKROOT = iphoneos;
				SWIFT_COMPILATION_MODE = wholemodule;
				SWIFT_OPTIMIZATION_LEVEL = "-O";
				VALIDATE_PRODUCT = YES;
			};
			name = Release;
		};
		49D9677025C7B06500B0DC8E /* Debug */ = {
			isa = XCBuildConfiguration;
			baseConfigurationReference = 5BB12DE3F2F58E3ED6D8BAF7 /* Pods-flixster.debug.xcconfig */;
			buildSettings = {
				ASSETCATALOG_COMPILER_APPICON_NAME = AppIcon;
				CODE_SIGN_STYLE = Automatic;
				INFOPLIST_FILE = flixster/Info.plist;
				LD_RUNPATH_SEARCH_PATHS = (
					"$(inherited)",
					"@executable_path/Frameworks",
				);
				PRODUCT_BUNDLE_IDENTIFIER = com.codepath.flixster;
				PRODUCT_NAME = "$(TARGET_NAME)";
				SWIFT_VERSION = 5.0;
				TARGETED_DEVICE_FAMILY = "1,2";
			};
			name = Debug;
		};
		49D9677125C7B06500B0DC8E /* Release */ = {
			isa = XCBuildConfiguration;
			baseConfigurationReference = AFFECD7BB31D3073E157165A /* Pods-flixster.release.xcconfig */;
			buildSettings = {
				ASSETCATALOG_COMPILER_APPICON_NAME = AppIcon;
				CODE_SIGN_STYLE = Automatic;
				INFOPLIST_FILE = flixster/Info.plist;
				LD_RUNPATH_SEARCH_PATHS = (
					"$(inherited)",
					"@executable_path/Frameworks",
				);
				PRODUCT_BUNDLE_IDENTIFIER = com.codepath.flixster;
				PRODUCT_NAME = "$(TARGET_NAME)";
				SWIFT_VERSION = 5.0;
				TARGETED_DEVICE_FAMILY = "1,2";
			};
			name = Release;
		};
		49D9677325C7B06500B0DC8E /* Debug */ = {
			isa = XCBuildConfiguration;
			baseConfigurationReference = 60637B67D48BCD68B49A642B /* Pods-flixsterTests.debug.xcconfig */;
			buildSettings = {
				ALWAYS_EMBED_SWIFT_STANDARD_LIBRARIES = YES;
				BUNDLE_LOADER = "$(TEST_HOST)";
				CODE_SIGN_STYLE = Automatic;
				INFOPLIST_FILE = flixsterTests/Info.plist;
				IPHONEOS_DEPLOYMENT_TARGET = 13.6;
				LD_RUNPATH_SEARCH_PATHS = (
					"$(inherited)",
					"@executable_path/Frameworks",
					"@loader_path/Frameworks",
				);
				PRODUCT_BUNDLE_IDENTIFIER = com.codepath.flixsterTests;
				PRODUCT_NAME = "$(TARGET_NAME)";
				SWIFT_VERSION = 5.0;
				TARGETED_DEVICE_FAMILY = "1,2";
				TEST_HOST = "$(BUILT_PRODUCTS_DIR)/flixster.app/flixster";
			};
			name = Debug;
		};
		49D9677425C7B06500B0DC8E /* Release */ = {
			isa = XCBuildConfiguration;
			baseConfigurationReference = 780826FE57B7C8BBDF478758 /* Pods-flixsterTests.release.xcconfig */;
			buildSettings = {
				ALWAYS_EMBED_SWIFT_STANDARD_LIBRARIES = YES;
				BUNDLE_LOADER = "$(TEST_HOST)";
				CODE_SIGN_STYLE = Automatic;
				INFOPLIST_FILE = flixsterTests/Info.plist;
				IPHONEOS_DEPLOYMENT_TARGET = 13.6;
				LD_RUNPATH_SEARCH_PATHS = (
					"$(inherited)",
					"@executable_path/Frameworks",
					"@loader_path/Frameworks",
				);
				PRODUCT_BUNDLE_IDENTIFIER = com.codepath.flixsterTests;
				PRODUCT_NAME = "$(TARGET_NAME)";
				SWIFT_VERSION = 5.0;
				TARGETED_DEVICE_FAMILY = "1,2";
				TEST_HOST = "$(BUILT_PRODUCTS_DIR)/flixster.app/flixster";
			};
			name = Release;
		};
		49D9677625C7B06500B0DC8E /* Debug */ = {
			isa = XCBuildConfiguration;
			baseConfigurationReference = D681C28D1DA51E974DE5EDC6 /* Pods-flixster-flixsterUITests.debug.xcconfig */;
			buildSettings = {
				ALWAYS_EMBED_SWIFT_STANDARD_LIBRARIES = YES;
				CODE_SIGN_STYLE = Automatic;
				INFOPLIST_FILE = flixsterUITests/Info.plist;
				LD_RUNPATH_SEARCH_PATHS = (
					"$(inherited)",
					"@executable_path/Frameworks",
					"@loader_path/Frameworks",
				);
				PRODUCT_BUNDLE_IDENTIFIER = com.codepath.flixsterUITests;
				PRODUCT_NAME = "$(TARGET_NAME)";
				SWIFT_VERSION = 5.0;
				TARGETED_DEVICE_FAMILY = "1,2";
				TEST_TARGET_NAME = flixster;
			};
			name = Debug;
		};
		49D9677725C7B06500B0DC8E /* Release */ = {
			isa = XCBuildConfiguration;
			baseConfigurationReference = 962B7C33D772A1FF71ECB473 /* Pods-flixster-flixsterUITests.release.xcconfig */;
			buildSettings = {
				ALWAYS_EMBED_SWIFT_STANDARD_LIBRARIES = YES;
				CODE_SIGN_STYLE = Automatic;
				INFOPLIST_FILE = flixsterUITests/Info.plist;
				LD_RUNPATH_SEARCH_PATHS = (
					"$(inherited)",
					"@executable_path/Frameworks",
					"@loader_path/Frameworks",
				);
				PRODUCT_BUNDLE_IDENTIFIER = com.codepath.flixsterUITests;
				PRODUCT_NAME = "$(TARGET_NAME)";
				SWIFT_VERSION = 5.0;
				TARGETED_DEVICE_FAMILY = "1,2";
				TEST_TARGET_NAME = flixster;
			};
			name = Release;
		};
/* End XCBuildConfiguration section */

/* Begin XCConfigurationList section */
		49D9674025C7B06100B0DC8E /* Build configuration list for PBXProject "flixster" */ = {
			isa = XCConfigurationList;
			buildConfigurations = (
				49D9676D25C7B06500B0DC8E /* Debug */,
				49D9676E25C7B06500B0DC8E /* Release */,
			);
			defaultConfigurationIsVisible = 0;
			defaultConfigurationName = Release;
		};
		49D9676F25C7B06500B0DC8E /* Build configuration list for PBXNativeTarget "flixster" */ = {
			isa = XCConfigurationList;
			buildConfigurations = (
				49D9677025C7B06500B0DC8E /* Debug */,
				49D9677125C7B06500B0DC8E /* Release */,
			);
			defaultConfigurationIsVisible = 0;
			defaultConfigurationName = Release;
		};
		49D9677225C7B06500B0DC8E /* Build configuration list for PBXNativeTarget "flixsterTests" */ = {
			isa = XCConfigurationList;
			buildConfigurations = (
				49D9677325C7B06500B0DC8E /* Debug */,
				49D9677425C7B06500B0DC8E /* Release */,
			);
			defaultConfigurationIsVisible = 0;
			defaultConfigurationName = Release;
		};
		49D9677525C7B06500B0DC8E /* Build configuration list for PBXNativeTarget "flixsterUITests" */ = {
			isa = XCConfigurationList;
			buildConfigurations = (
				49D9677625C7B06500B0DC8E /* Debug */,
				49D9677725C7B06500B0DC8E /* Release */,
			);
			defaultConfigurationIsVisible = 0;
			defaultConfigurationName = Release;
		};
/* End XCConfigurationList section */
	};
	rootObject = 49D9673D25C7B06100B0DC8E /* Project object */;
}
